PODS:
  - AcknowList (1.9.3)
  - FSCalendar (2.8.0)
  - NVActivityIndicatorView (4.8.0):
    - NVActivityIndicatorView/Presenter (= 4.8.0)
  - NVActivityIndicatorView/Presenter (4.8.0)
  - RxBlocking (5.0.0):
    - RxSwift (~> 5)
  - RxCocoa (5.0.0):
    - RxRelay (~> 5)
    - RxSwift (~> 5)
  - RxRelay (5.0.0):
    - RxSwift (~> 5)
  - RxSwift (5.0.0)
  - RxTest (5.0.0):
    - RxSwift (~> 5)
  - SideMenuSwift (2.0.3)
  - SnapKit (4.2.0)

DEPENDENCIES:
  - AcknowList
  - FSCalendar
  - NVActivityIndicatorView
  - RxBlocking (~> 5)
  - RxCocoa (~> 5)
  - RxSwift (~> 5)
  - RxTest (~> 5)
  - SideMenuSwift
  - SnapKit (~> 4.0)

SPEC REPOS:
  trunk:
    - AcknowList
    - FSCalendar
    - NVActivityIndicatorView
    - RxBlocking
    - RxCocoa
    - RxRelay
    - RxSwift
    - RxTest
    - SideMenuSwift
    - SnapKit

SPEC CHECKSUMS:
  AcknowList: a3ee7cfba2c45cf9d07d1b18fe729a5bcc518366
  FSCalendar: 3a5ed3636e2ba1b83ebebfcf0c2603105a6f5efe
  NVActivityIndicatorView: d24b7ebcf80af5dcd994adb650e2b6c93379270f
  RxBlocking: c67185d26498ea3cbe3e121917c3c16739e43123
  RxCocoa: fcf32050ac00d801f34a7f71d5e8e7f23026dcd8
  RxRelay: 4f7409406a51a55cd88483f21ed898c234d60f18
  RxSwift: 8b0671caa829a763bbce7271095859121cbd895f
  RxTest: 4349afe98f564e0a9bc19063368904622d17d49a
  SideMenuSwift: 5c2b1496544ce3f1f08f4dddf4810eaac49f543d
  SnapKit: fe8a619752f3f27075cc9a90244d75c6c3f27e2a

PODFILE CHECKSUM: 9148d9e1160a121e92b18c8a44ad69fb3f738e74

COCOAPODS: 1.8.4
