PODS:
  - AcknowList (1.9.5)
  - FSCalendar (2.8.0)
  - NVActivityIndicatorView (4.8.0):
    - NVActivityIndicatorView/Presenter (= 4.8.0)
  - NVActivityIndicatorView/Presenter (4.8.0)
  - RxBlocking (5.1.1):
    - RxSwift (~> 5)
  - RxCocoa (5.1.1):
    - RxRelay (~> 5)
    - RxSwift (~> 5)
  - RxRelay (5.1.1):
    - RxSwift (~> 5)
  - RxSwift (5.1.1)
  - RxTest (5.1.1):
    - RxSwift (~> 5)
  - SideMenuSwift (2.0.3)
  - SnapKit (4.2.0)
  - SPAlert (2.1.4)

DEPENDENCIES:
  - AcknowList
  - FSCalendar
  - NVActivityIndicatorView
  - RxBlocking (~> 5)
  - RxCocoa (~> 5)
  - RxSwift (~> 5)
  - RxTest (~> 5)
  - SideMenuSwift
  - SnapKit (~> 4.0)
  - SPAlert

SPEC REPOS:
  trunk:
    - AcknowList
    - FSCalendar
    - NVActivityIndicatorView
    - RxBlocking
    - RxCocoa
    - RxRelay
    - RxSwift
    - RxTest
    - SideMenuSwift
    - SnapKit
    - SPAlert

SPEC CHECKSUMS:
  AcknowList: 485f0e0da8ff7d5aaa8fb54bbff1da1f065e496c
  FSCalendar: 3a5ed3636e2ba1b83ebebfcf0c2603105a6f5efe
  NVActivityIndicatorView: d24b7ebcf80af5dcd994adb650e2b6c93379270f
  RxBlocking: 5f700a78cad61ce253ebd37c9a39b5ccc76477b4
  RxCocoa: 32065309a38d29b5b0db858819b5bf9ef038b601
  RxRelay: d77f7d771495f43c556cbc43eebd1bb54d01e8e9
  RxSwift: 81470a2074fa8780320ea5fe4102807cb7118178
  RxTest: 711632d5644dffbeb62c936a521b5b008a1e1faa
  SideMenuSwift: 5c2b1496544ce3f1f08f4dddf4810eaac49f543d
  SnapKit: fe8a619752f3f27075cc9a90244d75c6c3f27e2a
  SPAlert: 1a8afa1c6ac86a82ab5b2cfdf7f9a51e68cb6c0c

PODFILE CHECKSUM: 8ea959696519172d1e587f7556b1d62bd156f3df

COCOAPODS: 1.8.4
