// !$*UTF8*$!
{
	archiveVersion = 1;
	classes = {
	};
	objectVersion = 52;
	objects = {

/* Begin PBXBuildFile section */
		11017F602413C52D003E2871 /* AboutAppCoordinator.swift in Sources */ = {isa = PBXBuildFile; fileRef = 11017F5F2413C52D003E2871 /* AboutAppCoordinator.swift */; };
		11017F632413D5D9003E2871 /* Pods-SibGUTimetable-acknowledgements.plist in Resources */ = {isa = PBXBuildFile; fileRef = 11017F622413D5D9003E2871 /* Pods-SibGUTimetable-acknowledgements.plist */; };
		1103A0C523FFF89200D87570 /* LessonCell.swift in Sources */ = {isa = PBXBuildFile; fileRef = 1103A0C423FFF89200D87570 /* LessonCell.swift */; };
		1114AD5323E1635100E99C84 /* TimetableDataManager.swift in Sources */ = {isa = PBXBuildFile; fileRef = 1114AD5223E1635100E99C84 /* TimetableDataManager.swift */; };
		1114AD5523E18A0000E99C84 /* DataManagerTests.swift in Sources */ = {isa = PBXBuildFile; fileRef = 1114AD5423E189FF00E99C84 /* DataManagerTests.swift */; };
		1114AD5723E18A8800E99C84 /* ServerRepository.swift in Sources */ = {isa = PBXBuildFile; fileRef = 1114AD5623E18A8800E99C84 /* ServerRepository.swift */; };
		1114AD5923E1982C00E99C84 /* ObservableType+Ext.swift in Sources */ = {isa = PBXBuildFile; fileRef = 1114AD5823E1982C00E99C84 /* ObservableType+Ext.swift */; };
		1114AD5C23E32DBE00E99C84 /* CustomizablePageViewController.swift in Sources */ = {isa = PBXBuildFile; fileRef = 1114AD5B23E32DBE00E99C84 /* CustomizablePageViewController.swift */; };
		1114AD5E23E3390400E99C84 /* TestPageView.swift in Sources */ = {isa = PBXBuildFile; fileRef = 1114AD5D23E3390400E99C84 /* TestPageView.swift */; };
		1114AD6223E3F8A800E99C84 /* CustomizablePageViewDataSource.swift in Sources */ = {isa = PBXBuildFile; fileRef = 1114AD6123E3F8A800E99C84 /* CustomizablePageViewDataSource.swift */; };
		111E0D73240E7F4C000F4D4B /* AboutAppViewController.swift in Sources */ = {isa = PBXBuildFile; fileRef = 111E0D72240E7F4C000F4D4B /* AboutAppViewController.swift */; };
		1127386C23D714790074C7A4 /* GroupSearchViewController.swift in Sources */ = {isa = PBXBuildFile; fileRef = 1127386B23D714790074C7A4 /* GroupSearchViewController.swift */; };
		1141FA5B23C9F07900796667 /* GoogleService-Info.plist in Resources */ = {isa = PBXBuildFile; fileRef = 1141FA5A23C9F07900796667 /* GoogleService-Info.plist */; };
		1141FA5C23C9F07900796667 /* GoogleService-Info.plist in Resources */ = {isa = PBXBuildFile; fileRef = 1141FA5A23C9F07900796667 /* GoogleService-Info.plist */; };
		1141FA5D23C9F07900796667 /* GoogleService-Info.plist in Resources */ = {isa = PBXBuildFile; fileRef = 1141FA5A23C9F07900796667 /* GoogleService-Info.plist */; };
		1141FA5F23CA09BB00796667 /* APIServer.swift in Sources */ = {isa = PBXBuildFile; fileRef = 1141FA5E23CA09BB00796667 /* APIServer.swift */; };
		1141FA6523CA0F3300796667 /* NativeServerAPITests.swift in Sources */ = {isa = PBXBuildFile; fileRef = 1141FA6423CA0F3300796667 /* NativeServerAPITests.swift */; };
		114C9E4A23D6B72700BED746 /* GroupSearchViewModelController.swift in Sources */ = {isa = PBXBuildFile; fileRef = 114C9E4923D6B72700BED746 /* GroupSearchViewModelController.swift */; };
		114C9E4C23D6B86000BED746 /* GroupSearchViewModel.swift in Sources */ = {isa = PBXBuildFile; fileRef = 114C9E4B23D6B86000BED746 /* GroupSearchViewModel.swift */; };
		1177059F248E769900483E0A /* Logging in Frameworks */ = {isa = PBXBuildFile; productRef = 1177059E248E769900483E0A /* Logging */; };
		117705A1248E7F7700483E0A /* CustomLogHandler.swift in Sources */ = {isa = PBXBuildFile; fileRef = 117705A0248E7F7700483E0A /* CustomLogHandler.swift */; };
		11845E9424B8434500791186 /* Localizable.strings in Resources */ = {isa = PBXBuildFile; fileRef = 11845E9224B8434500791186 /* Localizable.strings */; };
		11845E9724B8451B00791186 /* LocalizedStrings.swift in Sources */ = {isa = PBXBuildFile; fileRef = 11845E9624B8451B00791186 /* LocalizedStrings.swift */; };
		118F0C1023C24500003BCEF2 /* Timetable+CoreDataClass.swift in Sources */ = {isa = PBXBuildFile; fileRef = 118F0C0F23C24500003BCEF2 /* Timetable+CoreDataClass.swift */; };
		1197A53123BE20E0008737B2 /* schedule.json in Resources */ = {isa = PBXBuildFile; fileRef = 1197A53023BE20E0008737B2 /* schedule.json */; };
		1197A53223BE501A008737B2 /* schedule.json in Resources */ = {isa = PBXBuildFile; fileRef = 1197A53023BE20E0008737B2 /* schedule.json */; };
		119E51A823DED59E00E1ABA4 /* LessonGroup+CoreDataClass.swift in Sources */ = {isa = PBXBuildFile; fileRef = 119E519E23DED59E00E1ABA4 /* LessonGroup+CoreDataClass.swift */; };
		119E51B623DED7C100E1ABA4 /* Lesson+CoreDataProperties.swift in Sources */ = {isa = PBXBuildFile; fileRef = 119E51AD23DED7C100E1ABA4 /* Lesson+CoreDataProperties.swift */; };
		119E51B823DED7C100E1ABA4 /* Day+CoreDataProperties.swift in Sources */ = {isa = PBXBuildFile; fileRef = 119E51AF23DED7C100E1ABA4 /* Day+CoreDataProperties.swift */; };
		119E51BA23DED7C100E1ABA4 /* Timetable+CoreDataProperties.swift in Sources */ = {isa = PBXBuildFile; fileRef = 119E51B123DED7C100E1ABA4 /* Timetable+CoreDataProperties.swift */; };
		119E51BB23DED7C100E1ABA4 /* LessonGroup+CoreDataProperties.swift in Sources */ = {isa = PBXBuildFile; fileRef = 119E51B223DED7C100E1ABA4 /* LessonGroup+CoreDataProperties.swift */; };
		119E51BD23DED7C100E1ABA4 /* Week+CoreDataProperties.swift in Sources */ = {isa = PBXBuildFile; fileRef = 119E51B423DED7C100E1ABA4 /* Week+CoreDataProperties.swift */; };
		119E51C123DEDC3200E1ABA4 /* StubTTRepository.swift in Sources */ = {isa = PBXBuildFile; fileRef = 119E51C023DEDC3200E1ABA4 /* StubTTRepository.swift */; };
		119E51C223DF422B00E1ABA4 /* SibGUTimetable.xcdatamodeld in Sources */ = {isa = PBXBuildFile; fileRef = A8011EC722B3D7C000567A37 /* SibGUTimetable.xcdatamodeld */; };
		119F178D248BACEB00EF0B21 /* Assembler.swift in Sources */ = {isa = PBXBuildFile; fileRef = 119F178C248BACEB00EF0B21 /* Assembler.swift */; };
		119F1790248BAD2800EF0B21 /* RepositoryAssembler.swift in Sources */ = {isa = PBXBuildFile; fileRef = 119F178F248BAD2800EF0B21 /* RepositoryAssembler.swift */; };
		119F1792248BB31C00EF0B21 /* UserPreferencesAssembler.swift in Sources */ = {isa = PBXBuildFile; fileRef = 119F1791248BB31C00EF0B21 /* UserPreferencesAssembler.swift */; };
		11B14BEB23E83DBD00B44958 /* TimetablePageViewController.swift in Sources */ = {isa = PBXBuildFile; fileRef = 11B14BEA23E83DBD00B44958 /* TimetablePageViewController.swift */; };
		11B14BED23E841FA00B44958 /* UIViewController + Ext.swift in Sources */ = {isa = PBXBuildFile; fileRef = 11B14BEC23E841FA00B44958 /* UIViewController + Ext.swift */; };
		11BFD48923E9BC2C00BE6B6B /* UserPreferences.swift in Sources */ = {isa = PBXBuildFile; fileRef = 11BFD48823E9BC2C00BE6B6B /* UserPreferences.swift */; };
		11BFD49A23E9C01900BE6B6B /* UserPrerencesTests.swift in Sources */ = {isa = PBXBuildFile; fileRef = 11BFD49923E9C01900BE6B6B /* UserPrerencesTests.swift */; };
		11C3889C23E438E200ED43A5 /* SideMenuCoordinator.swift in Sources */ = {isa = PBXBuildFile; fileRef = 11C3889B23E438E200ED43A5 /* SideMenuCoordinator.swift */; };
		11C3889E23E4468000ED43A5 /* UINavigationController + Ext.swift in Sources */ = {isa = PBXBuildFile; fileRef = 11C3889D23E4468000ED43A5 /* UINavigationController + Ext.swift */; };
		11C606CE23E4836D00CF2C79 /* ReusableTableViewDataSource.swift in Sources */ = {isa = PBXBuildFile; fileRef = 11C606CD23E4836D00CF2C79 /* ReusableTableViewDataSource.swift */; };
		11CD09E1249270BA00D4612E /* Theme.swift in Sources */ = {isa = PBXBuildFile; fileRef = 11CD09E0249270BA00D4612E /* Theme.swift */; };
		11DA582A23E7310B005FB1BF /* MenuTableViewController.swift in Sources */ = {isa = PBXBuildFile; fileRef = 11DA582923E7310B005FB1BF /* MenuTableViewController.swift */; };
		11DC92FD23D9D4C500314C39 /* GroupSearchCoordinator.swift in Sources */ = {isa = PBXBuildFile; fileRef = 11DC92FC23D9D4C500314C39 /* GroupSearchCoordinator.swift */; };
		11DC92FF23D9E51F00314C39 /* ServerTTRepositoryTODORemake.swift in Sources */ = {isa = PBXBuildFile; fileRef = 11DC92FE23D9E51F00314C39 /* ServerTTRepositoryTODORemake.swift */; };
		11EA09C623C0507400CA52C2 /* Coordinator.swift in Sources */ = {isa = PBXBuildFile; fileRef = 11EA09C523C0507400CA52C2 /* Coordinator.swift */; };
		11EA09C823C050B500CA52C2 /* TimetableCoordinator.swift in Sources */ = {isa = PBXBuildFile; fileRef = 11EA09C723C050B500CA52C2 /* TimetableCoordinator.swift */; };
		11EA09CA23C0512F00CA52C2 /* AppCoordinator.swift in Sources */ = {isa = PBXBuildFile; fileRef = 11EA09C923C0512F00CA52C2 /* AppCoordinator.swift */; };
		11FD6645241681ED00844150 /* LessonSubgroupCell.swift in Sources */ = {isa = PBXBuildFile; fileRef = 11FD6644241681ED00844150 /* LessonSubgroupCell.swift */; };
		609530D6831E2DBBD2A1D1C3 /* FSCalendar + Ext.swift in Sources */ = {isa = PBXBuildFile; fileRef = 6095332493044377CF1705DF /* FSCalendar + Ext.swift */; };
		60953201621C1FC9AD6239EC /* TimetableViewModelController.swift in Sources */ = {isa = PBXBuildFile; fileRef = 609533084061D3F5C983CC07 /* TimetableViewModelController.swift */; };
		60953995244668EE378EFDBF /* TimetableRepository.swift in Sources */ = {isa = PBXBuildFile; fileRef = 60953F5405BA4E4523BB8045 /* TimetableRepository.swift */; };
		60953CAAB0C4B89192F73D4F /* CoreDataTTRepository.swift in Sources */ = {isa = PBXBuildFile; fileRef = 60953E8DE54162987E8893BB /* CoreDataTTRepository.swift */; };
		60953E2F9CE8749238040627 /* CustomizablePageViewDelegate.swift in Sources */ = {isa = PBXBuildFile; fileRef = 6095322281714670A637E162 /* CustomizablePageViewDelegate.swift */; };
		60953F8DFEE1CE6C6A0575A4 /* Date + Ext.swift in Sources */ = {isa = PBXBuildFile; fileRef = 609533396D1049D91B806AC2 /* Date + Ext.swift */; };
		6097B719C65E514D27B48132 /* Pods_SibGUTimetableUITests.framework in Frameworks */ = {isa = PBXBuildFile; fileRef = 6171F10FE805AF1C7BA5BD53 /* Pods_SibGUTimetableUITests.framework */; };
		96147595C3636E42C0F1E1A4 /* Pods_SibGUTimetable.framework in Frameworks */ = {isa = PBXBuildFile; fileRef = DA73E05C76CA07255943DC6E /* Pods_SibGUTimetable.framework */; };
		A8011EC122B3D7C000567A37 /* AppDelegate.swift in Sources */ = {isa = PBXBuildFile; fileRef = A8011EC022B3D7C000567A37 /* AppDelegate.swift */; };
		A8011EC322B3D7C000567A37 /* TimetableViewController.swift in Sources */ = {isa = PBXBuildFile; fileRef = A8011EC222B3D7C000567A37 /* TimetableViewController.swift */; };
		A8011EC922B3D7C000567A37 /* SibGUTimetable.xcdatamodeld in Sources */ = {isa = PBXBuildFile; fileRef = A8011EC722B3D7C000567A37 /* SibGUTimetable.xcdatamodeld */; };
		A8011ECB22B3D7C100567A37 /* Assets.xcassets in Resources */ = {isa = PBXBuildFile; fileRef = A8011ECA22B3D7C100567A37 /* Assets.xcassets */; };
		A8011ECE22B3D7C100567A37 /* LaunchScreen.storyboard in Resources */ = {isa = PBXBuildFile; fileRef = A8011ECC22B3D7C100567A37 /* LaunchScreen.storyboard */; };
		A8011ED922B3D7C100567A37 /* SibGUTimetableTests.swift in Sources */ = {isa = PBXBuildFile; fileRef = A8011ED822B3D7C100567A37 /* SibGUTimetableTests.swift */; };
		A8011EE422B3D7C100567A37 /* SibGUTimetableUITests.swift in Sources */ = {isa = PBXBuildFile; fileRef = A8011EE322B3D7C100567A37 /* SibGUTimetableUITests.swift */; };
		A8209F1922D70A7200E1BAF6 /* TimetableLessonViewModel.swift in Sources */ = {isa = PBXBuildFile; fileRef = A8209F1822D70A7200E1BAF6 /* TimetableLessonViewModel.swift */; };
		A8209F2E22D71A1400E1BAF6 /* TimetableViewModel.swift in Sources */ = {isa = PBXBuildFile; fileRef = A8209F2D22D71A1400E1BAF6 /* TimetableViewModel.swift */; };
		A8537EBF22EC494B005183C7 /* Lesson+CoreDataClass.swift in Sources */ = {isa = PBXBuildFile; fileRef = A8537EB722EC494B005183C7 /* Lesson+CoreDataClass.swift */; };
		A8537EC122EC494B005183C7 /* Week+CoreDataClass.swift in Sources */ = {isa = PBXBuildFile; fileRef = A8537EB922EC494B005183C7 /* Week+CoreDataClass.swift */; };
		A8537EC322EC494B005183C7 /* Day+CoreDataClass.swift in Sources */ = {isa = PBXBuildFile; fileRef = A8537EBB22EC494B005183C7 /* Day+CoreDataClass.swift */; };
		A872CA3A235C8B940040BB69 /* MockNetworkSession.swift in Sources */ = {isa = PBXBuildFile; fileRef = A872CA39235C8B940040BB69 /* MockNetworkSession.swift */; };
		A872CA3C235C92680040BB69 /* FileLoader.swift in Sources */ = {isa = PBXBuildFile; fileRef = A872CA3B235C92680040BB69 /* FileLoader.swift */; };
		A88C2D46236D67F400CBE473 /* FileLoader.swift in Sources */ = {isa = PBXBuildFile; fileRef = A872CA3B235C92680040BB69 /* FileLoader.swift */; };
		A88C2D48236D69E300CBE473 /* FakeLocalTTRepository.swift in Sources */ = {isa = PBXBuildFile; fileRef = A88C2D47236D69E300CBE473 /* FakeLocalTTRepository.swift */; };
		A89DDCA422D704F500769EAA /* TimetableDayViewModel.swift in Sources */ = {isa = PBXBuildFile; fileRef = A89DDCA322D704F500769EAA /* TimetableDayViewModel.swift */; };
		A8AFAA6A236EDCAA00E0AB6D /* TimetableRepositoryTests.swift in Sources */ = {isa = PBXBuildFile; fileRef = A8AFAA69236EDCAA00E0AB6D /* TimetableRepositoryTests.swift */; };
		A8D2299E235C503C00FE98BE /* URLSession + Ext.swift in Sources */ = {isa = PBXBuildFile; fileRef = A8D2299D235C503C00FE98BE /* URLSession + Ext.swift */; };
		A8E3BC4C22D1F7A7006E1B65 /* TimetableLessonListController.swift in Sources */ = {isa = PBXBuildFile; fileRef = A8E3BC4B22D1F7A7006E1B65 /* TimetableLessonListController.swift */; };
		A8ECF6BA22C8A5A100B97D2A /* CalendarParser.swift in Sources */ = {isa = PBXBuildFile; fileRef = A8ECF6B922C8A5A100B97D2A /* CalendarParser.swift */; };
		A8F80DD72337B12D001442A9 /* NativeNetworkManagerTests.swift in Sources */ = {isa = PBXBuildFile; fileRef = A8F80DD62337B12D001442A9 /* NativeNetworkManagerTests.swift */; };
		D60A521E49E599E56CC36265 /* Pods_SibGUTimetableTests.framework in Frameworks */ = {isa = PBXBuildFile; fileRef = 8A161EF1AAC4CC928AB0BD83 /* Pods_SibGUTimetableTests.framework */; };
/* End PBXBuildFile section */

/* Begin PBXContainerItemProxy section */
		11BFD49323E9BEFA00BE6B6B /* PBXContainerItemProxy */ = {
			isa = PBXContainerItemProxy;
			containerPortal = A8011EB522B3D7C000567A37 /* Project object */;
			proxyType = 1;
			remoteGlobalIDString = A8011EBC22B3D7C000567A37;
			remoteInfo = SibGUTimetable;
		};
		A8011ED522B3D7C100567A37 /* PBXContainerItemProxy */ = {
			isa = PBXContainerItemProxy;
			containerPortal = A8011EB522B3D7C000567A37 /* Project object */;
			proxyType = 1;
			remoteGlobalIDString = A8011EBC22B3D7C000567A37;
			remoteInfo = SibGUTimetable;
		};
		A8011EE022B3D7C100567A37 /* PBXContainerItemProxy */ = {
			isa = PBXContainerItemProxy;
			containerPortal = A8011EB522B3D7C000567A37 /* Project object */;
			proxyType = 1;
			remoteGlobalIDString = A8011EBC22B3D7C000567A37;
			remoteInfo = SibGUTimetable;
		};
/* End PBXContainerItemProxy section */

/* Begin PBXFileReference section */
		11017F5F2413C52D003E2871 /* AboutAppCoordinator.swift */ = {isa = PBXFileReference; lastKnownFileType = sourcecode.swift; path = AboutAppCoordinator.swift; sourceTree = "<group>"; };
		11017F622413D5D9003E2871 /* Pods-SibGUTimetable-acknowledgements.plist */ = {isa = PBXFileReference; fileEncoding = 4; lastKnownFileType = text.plist.xml; name = "Pods-SibGUTimetable-acknowledgements.plist"; path = "Pods/Target Support Files/Pods-SibGUTimetable/Pods-SibGUTimetable-acknowledgements.plist"; sourceTree = "<group>"; };
		1103A0C423FFF89200D87570 /* LessonCell.swift */ = {isa = PBXFileReference; lastKnownFileType = sourcecode.swift; path = LessonCell.swift; sourceTree = "<group>"; };
		1114AD5223E1635100E99C84 /* TimetableDataManager.swift */ = {isa = PBXFileReference; lastKnownFileType = sourcecode.swift; path = TimetableDataManager.swift; sourceTree = "<group>"; };
		1114AD5423E189FF00E99C84 /* DataManagerTests.swift */ = {isa = PBXFileReference; lastKnownFileType = sourcecode.swift; path = DataManagerTests.swift; sourceTree = "<group>"; };
		1114AD5623E18A8800E99C84 /* ServerRepository.swift */ = {isa = PBXFileReference; lastKnownFileType = sourcecode.swift; path = ServerRepository.swift; sourceTree = "<group>"; };
		1114AD5823E1982C00E99C84 /* ObservableType+Ext.swift */ = {isa = PBXFileReference; lastKnownFileType = sourcecode.swift; path = "ObservableType+Ext.swift"; sourceTree = "<group>"; };
		1114AD5B23E32DBE00E99C84 /* CustomizablePageViewController.swift */ = {isa = PBXFileReference; lastKnownFileType = sourcecode.swift; path = CustomizablePageViewController.swift; sourceTree = "<group>"; };
		1114AD5D23E3390400E99C84 /* TestPageView.swift */ = {isa = PBXFileReference; lastKnownFileType = sourcecode.swift; path = TestPageView.swift; sourceTree = "<group>"; };
		1114AD6123E3F8A800E99C84 /* CustomizablePageViewDataSource.swift */ = {isa = PBXFileReference; lastKnownFileType = sourcecode.swift; path = CustomizablePageViewDataSource.swift; sourceTree = "<group>"; };
		111E0D72240E7F4C000F4D4B /* AboutAppViewController.swift */ = {isa = PBXFileReference; lastKnownFileType = sourcecode.swift; path = AboutAppViewController.swift; sourceTree = "<group>"; };
		1127386B23D714790074C7A4 /* GroupSearchViewController.swift */ = {isa = PBXFileReference; lastKnownFileType = sourcecode.swift; path = GroupSearchViewController.swift; sourceTree = "<group>"; };
		1141FA5A23C9F07900796667 /* GoogleService-Info.plist */ = {isa = PBXFileReference; fileEncoding = 4; lastKnownFileType = text.plist.xml; path = "GoogleService-Info.plist"; sourceTree = "<group>"; };
		1141FA5E23CA09BB00796667 /* APIServer.swift */ = {isa = PBXFileReference; lastKnownFileType = sourcecode.swift; path = APIServer.swift; sourceTree = "<group>"; };
		1141FA6423CA0F3300796667 /* NativeServerAPITests.swift */ = {isa = PBXFileReference; lastKnownFileType = sourcecode.swift; path = NativeServerAPITests.swift; sourceTree = "<group>"; };
		114C9E4923D6B72700BED746 /* GroupSearchViewModelController.swift */ = {isa = PBXFileReference; lastKnownFileType = sourcecode.swift; path = GroupSearchViewModelController.swift; sourceTree = "<group>"; };
		114C9E4B23D6B86000BED746 /* GroupSearchViewModel.swift */ = {isa = PBXFileReference; lastKnownFileType = sourcecode.swift; path = GroupSearchViewModel.swift; sourceTree = "<group>"; };
		117705A0248E7F7700483E0A /* CustomLogHandler.swift */ = {isa = PBXFileReference; lastKnownFileType = sourcecode.swift; path = CustomLogHandler.swift; sourceTree = "<group>"; };
		11845E9324B8434500791186 /* Base */ = {isa = PBXFileReference; lastKnownFileType = text.plist.strings; name = Base; path = Base.lproj/Localizable.strings; sourceTree = "<group>"; };
		11845E9524B8438C00791186 /* ru */ = {isa = PBXFileReference; lastKnownFileType = text.plist.strings; name = ru; path = ru.lproj/Localizable.strings; sourceTree = "<group>"; };
		11845E9624B8451B00791186 /* LocalizedStrings.swift */ = {isa = PBXFileReference; lastKnownFileType = sourcecode.swift; path = LocalizedStrings.swift; sourceTree = "<group>"; };
		118F0C0F23C24500003BCEF2 /* Timetable+CoreDataClass.swift */ = {isa = PBXFileReference; fileEncoding = 4; lastKnownFileType = sourcecode.swift; path = "Timetable+CoreDataClass.swift"; sourceTree = "<group>"; };
		1197A53023BE20E0008737B2 /* schedule.json */ = {isa = PBXFileReference; lastKnownFileType = text.json; path = schedule.json; sourceTree = "<group>"; };
		119E519E23DED59E00E1ABA4 /* LessonGroup+CoreDataClass.swift */ = {isa = PBXFileReference; lastKnownFileType = sourcecode.swift; path = "LessonGroup+CoreDataClass.swift"; sourceTree = SOURCE_ROOT; };
		119E51AD23DED7C100E1ABA4 /* Lesson+CoreDataProperties.swift */ = {isa = PBXFileReference; lastKnownFileType = sourcecode.swift; path = "Lesson+CoreDataProperties.swift"; sourceTree = SOURCE_ROOT; };
		119E51AF23DED7C100E1ABA4 /* Day+CoreDataProperties.swift */ = {isa = PBXFileReference; lastKnownFileType = sourcecode.swift; path = "Day+CoreDataProperties.swift"; sourceTree = SOURCE_ROOT; };
		119E51B123DED7C100E1ABA4 /* Timetable+CoreDataProperties.swift */ = {isa = PBXFileReference; lastKnownFileType = sourcecode.swift; path = "Timetable+CoreDataProperties.swift"; sourceTree = SOURCE_ROOT; };
		119E51B223DED7C100E1ABA4 /* LessonGroup+CoreDataProperties.swift */ = {isa = PBXFileReference; lastKnownFileType = sourcecode.swift; path = "LessonGroup+CoreDataProperties.swift"; sourceTree = SOURCE_ROOT; };
		119E51B423DED7C100E1ABA4 /* Week+CoreDataProperties.swift */ = {isa = PBXFileReference; lastKnownFileType = sourcecode.swift; path = "Week+CoreDataProperties.swift"; sourceTree = SOURCE_ROOT; };
		119E51C023DEDC3200E1ABA4 /* StubTTRepository.swift */ = {isa = PBXFileReference; lastKnownFileType = sourcecode.swift; path = StubTTRepository.swift; sourceTree = "<group>"; };
		119F178C248BACEB00EF0B21 /* Assembler.swift */ = {isa = PBXFileReference; lastKnownFileType = sourcecode.swift; path = Assembler.swift; sourceTree = "<group>"; };
		119F178F248BAD2800EF0B21 /* RepositoryAssembler.swift */ = {isa = PBXFileReference; lastKnownFileType = sourcecode.swift; path = RepositoryAssembler.swift; sourceTree = "<group>"; };
		119F1791248BB31C00EF0B21 /* UserPreferencesAssembler.swift */ = {isa = PBXFileReference; lastKnownFileType = sourcecode.swift; path = UserPreferencesAssembler.swift; sourceTree = "<group>"; };
		11B14BEA23E83DBD00B44958 /* TimetablePageViewController.swift */ = {isa = PBXFileReference; lastKnownFileType = sourcecode.swift; path = TimetablePageViewController.swift; sourceTree = "<group>"; };
		11B14BEC23E841FA00B44958 /* UIViewController + Ext.swift */ = {isa = PBXFileReference; lastKnownFileType = sourcecode.swift; path = "UIViewController + Ext.swift"; sourceTree = "<group>"; };
		11BFD48823E9BC2C00BE6B6B /* UserPreferences.swift */ = {isa = PBXFileReference; lastKnownFileType = sourcecode.swift; path = UserPreferences.swift; sourceTree = "<group>"; };
		11BFD48E23E9BEFA00BE6B6B /* UserPreferencesTests.xctest */ = {isa = PBXFileReference; explicitFileType = wrapper.cfbundle; includeInIndex = 0; path = UserPreferencesTests.xctest; sourceTree = BUILT_PRODUCTS_DIR; };
		11BFD49923E9C01900BE6B6B /* UserPrerencesTests.swift */ = {isa = PBXFileReference; lastKnownFileType = sourcecode.swift; path = UserPrerencesTests.swift; sourceTree = "<group>"; };
		11C3889B23E438E200ED43A5 /* SideMenuCoordinator.swift */ = {isa = PBXFileReference; lastKnownFileType = sourcecode.swift; path = SideMenuCoordinator.swift; sourceTree = "<group>"; };
		11C3889D23E4468000ED43A5 /* UINavigationController + Ext.swift */ = {isa = PBXFileReference; lastKnownFileType = sourcecode.swift; path = "UINavigationController + Ext.swift"; sourceTree = "<group>"; };
		11C606CD23E4836D00CF2C79 /* ReusableTableViewDataSource.swift */ = {isa = PBXFileReference; lastKnownFileType = sourcecode.swift; path = ReusableTableViewDataSource.swift; sourceTree = "<group>"; };
		11CD09E0249270BA00D4612E /* Theme.swift */ = {isa = PBXFileReference; lastKnownFileType = sourcecode.swift; path = Theme.swift; sourceTree = "<group>"; };
		11DA582923E7310B005FB1BF /* MenuTableViewController.swift */ = {isa = PBXFileReference; lastKnownFileType = sourcecode.swift; path = MenuTableViewController.swift; sourceTree = "<group>"; };
		11DC92FC23D9D4C500314C39 /* GroupSearchCoordinator.swift */ = {isa = PBXFileReference; lastKnownFileType = sourcecode.swift; path = GroupSearchCoordinator.swift; sourceTree = "<group>"; };
		11DC92FE23D9E51F00314C39 /* ServerTTRepositoryTODORemake.swift */ = {isa = PBXFileReference; lastKnownFileType = sourcecode.swift; path = ServerTTRepositoryTODORemake.swift; sourceTree = "<group>"; };
		11E80DC024B749DF002CDB39 /* ru */ = {isa = PBXFileReference; lastKnownFileType = text.plist.strings; name = ru; path = ru.lproj/LaunchScreen.strings; sourceTree = "<group>"; };
		11EA09C523C0507400CA52C2 /* Coordinator.swift */ = {isa = PBXFileReference; lastKnownFileType = sourcecode.swift; path = Coordinator.swift; sourceTree = "<group>"; };
		11EA09C723C050B500CA52C2 /* TimetableCoordinator.swift */ = {isa = PBXFileReference; lastKnownFileType = sourcecode.swift; path = TimetableCoordinator.swift; sourceTree = "<group>"; };
		11EA09C923C0512F00CA52C2 /* AppCoordinator.swift */ = {isa = PBXFileReference; lastKnownFileType = sourcecode.swift; path = AppCoordinator.swift; sourceTree = "<group>"; };
		11FD6644241681ED00844150 /* LessonSubgroupCell.swift */ = {isa = PBXFileReference; lastKnownFileType = sourcecode.swift; path = LessonSubgroupCell.swift; sourceTree = "<group>"; };
		6095322281714670A637E162 /* CustomizablePageViewDelegate.swift */ = {isa = PBXFileReference; fileEncoding = 4; lastKnownFileType = sourcecode.swift; path = CustomizablePageViewDelegate.swift; sourceTree = "<group>"; };
		609533084061D3F5C983CC07 /* TimetableViewModelController.swift */ = {isa = PBXFileReference; fileEncoding = 4; lastKnownFileType = sourcecode.swift; path = TimetableViewModelController.swift; sourceTree = "<group>"; };
		6095332493044377CF1705DF /* FSCalendar + Ext.swift */ = {isa = PBXFileReference; fileEncoding = 4; lastKnownFileType = sourcecode.swift; path = "FSCalendar + Ext.swift"; sourceTree = "<group>"; };
		609533396D1049D91B806AC2 /* Date + Ext.swift */ = {isa = PBXFileReference; fileEncoding = 4; lastKnownFileType = sourcecode.swift; path = "Date + Ext.swift"; sourceTree = "<group>"; };
		60953E8DE54162987E8893BB /* CoreDataTTRepository.swift */ = {isa = PBXFileReference; fileEncoding = 4; lastKnownFileType = sourcecode.swift; path = CoreDataTTRepository.swift; sourceTree = "<group>"; };
		60953F5405BA4E4523BB8045 /* TimetableRepository.swift */ = {isa = PBXFileReference; fileEncoding = 4; lastKnownFileType = sourcecode.swift; path = TimetableRepository.swift; sourceTree = "<group>"; };
		6171F10FE805AF1C7BA5BD53 /* Pods_SibGUTimetableUITests.framework */ = {isa = PBXFileReference; explicitFileType = wrapper.framework; includeInIndex = 0; path = Pods_SibGUTimetableUITests.framework; sourceTree = BUILT_PRODUCTS_DIR; };
		8A161EF1AAC4CC928AB0BD83 /* Pods_SibGUTimetableTests.framework */ = {isa = PBXFileReference; explicitFileType = wrapper.framework; includeInIndex = 0; path = Pods_SibGUTimetableTests.framework; sourceTree = BUILT_PRODUCTS_DIR; };
		A8011EBD22B3D7C000567A37 /* SibGUTimetable.app */ = {isa = PBXFileReference; explicitFileType = wrapper.application; includeInIndex = 0; path = SibGUTimetable.app; sourceTree = BUILT_PRODUCTS_DIR; };
		A8011EC022B3D7C000567A37 /* AppDelegate.swift */ = {isa = PBXFileReference; lastKnownFileType = sourcecode.swift; path = AppDelegate.swift; sourceTree = "<group>"; };
		A8011EC222B3D7C000567A37 /* TimetableViewController.swift */ = {isa = PBXFileReference; lastKnownFileType = sourcecode.swift; path = TimetableViewController.swift; sourceTree = "<group>"; };
		A8011EC822B3D7C000567A37 /* SibGUTimetable.xcdatamodel */ = {isa = PBXFileReference; lastKnownFileType = wrapper.xcdatamodel; path = SibGUTimetable.xcdatamodel; sourceTree = "<group>"; };
		A8011ECA22B3D7C100567A37 /* Assets.xcassets */ = {isa = PBXFileReference; lastKnownFileType = folder.assetcatalog; path = Assets.xcassets; sourceTree = "<group>"; };
		A8011ECD22B3D7C100567A37 /* Base */ = {isa = PBXFileReference; lastKnownFileType = file.storyboard; name = Base; path = Base.lproj/LaunchScreen.storyboard; sourceTree = "<group>"; };
		A8011ECF22B3D7C100567A37 /* Info.plist */ = {isa = PBXFileReference; lastKnownFileType = text.plist.xml; path = Info.plist; sourceTree = "<group>"; };
		A8011ED422B3D7C100567A37 /* SibGUTimetableTests.xctest */ = {isa = PBXFileReference; explicitFileType = wrapper.cfbundle; includeInIndex = 0; path = SibGUTimetableTests.xctest; sourceTree = BUILT_PRODUCTS_DIR; };
		A8011ED822B3D7C100567A37 /* SibGUTimetableTests.swift */ = {isa = PBXFileReference; lastKnownFileType = sourcecode.swift; path = SibGUTimetableTests.swift; sourceTree = "<group>"; };
		A8011EDA22B3D7C100567A37 /* Info.plist */ = {isa = PBXFileReference; lastKnownFileType = text.plist.xml; path = Info.plist; sourceTree = "<group>"; };
		A8011EDF22B3D7C100567A37 /* SibGUTimetableUITests.xctest */ = {isa = PBXFileReference; explicitFileType = wrapper.cfbundle; includeInIndex = 0; path = SibGUTimetableUITests.xctest; sourceTree = BUILT_PRODUCTS_DIR; };
		A8011EE322B3D7C100567A37 /* SibGUTimetableUITests.swift */ = {isa = PBXFileReference; lastKnownFileType = sourcecode.swift; path = SibGUTimetableUITests.swift; sourceTree = "<group>"; };
		A8011EE522B3D7C100567A37 /* Info.plist */ = {isa = PBXFileReference; lastKnownFileType = text.plist.xml; path = Info.plist; sourceTree = "<group>"; };
		A8209F1822D70A7200E1BAF6 /* TimetableLessonViewModel.swift */ = {isa = PBXFileReference; lastKnownFileType = sourcecode.swift; path = TimetableLessonViewModel.swift; sourceTree = "<group>"; };
		A8209F2D22D71A1400E1BAF6 /* TimetableViewModel.swift */ = {isa = PBXFileReference; lastKnownFileType = sourcecode.swift; path = TimetableViewModel.swift; sourceTree = "<group>"; };
		A833C99E2310166E00290DBD /* Objc-Bridge-Header.h */ = {isa = PBXFileReference; lastKnownFileType = sourcecode.c.h; path = "Objc-Bridge-Header.h"; sourceTree = "<group>"; };
		A8537EB722EC494B005183C7 /* Lesson+CoreDataClass.swift */ = {isa = PBXFileReference; lastKnownFileType = sourcecode.swift; path = "Lesson+CoreDataClass.swift"; sourceTree = "<group>"; };
		A8537EB922EC494B005183C7 /* Week+CoreDataClass.swift */ = {isa = PBXFileReference; lastKnownFileType = sourcecode.swift; path = "Week+CoreDataClass.swift"; sourceTree = "<group>"; };
		A8537EBB22EC494B005183C7 /* Day+CoreDataClass.swift */ = {isa = PBXFileReference; lastKnownFileType = sourcecode.swift; path = "Day+CoreDataClass.swift"; sourceTree = "<group>"; };
		A872CA39235C8B940040BB69 /* MockNetworkSession.swift */ = {isa = PBXFileReference; lastKnownFileType = sourcecode.swift; path = MockNetworkSession.swift; sourceTree = "<group>"; };
		A872CA3B235C92680040BB69 /* FileLoader.swift */ = {isa = PBXFileReference; lastKnownFileType = sourcecode.swift; path = FileLoader.swift; sourceTree = "<group>"; };
		A88C2D47236D69E300CBE473 /* FakeLocalTTRepository.swift */ = {isa = PBXFileReference; lastKnownFileType = sourcecode.swift; path = FakeLocalTTRepository.swift; sourceTree = "<group>"; };
		A89DDCA322D704F500769EAA /* TimetableDayViewModel.swift */ = {isa = PBXFileReference; lastKnownFileType = sourcecode.swift; path = TimetableDayViewModel.swift; sourceTree = "<group>"; };
		A8AFAA69236EDCAA00E0AB6D /* TimetableRepositoryTests.swift */ = {isa = PBXFileReference; lastKnownFileType = sourcecode.swift; name = TimetableRepositoryTests.swift; path = SibGUTimetableTests/Cases/Network/TimetableRepositoryTests.swift; sourceTree = SOURCE_ROOT; };
		A8D2299D235C503C00FE98BE /* URLSession + Ext.swift */ = {isa = PBXFileReference; lastKnownFileType = sourcecode.swift; path = "URLSession + Ext.swift"; sourceTree = "<group>"; };
		A8E3BC4B22D1F7A7006E1B65 /* TimetableLessonListController.swift */ = {isa = PBXFileReference; lastKnownFileType = sourcecode.swift; path = TimetableLessonListController.swift; sourceTree = "<group>"; };
		A8ECF6B922C8A5A100B97D2A /* CalendarParser.swift */ = {isa = PBXFileReference; lastKnownFileType = sourcecode.swift; path = CalendarParser.swift; sourceTree = "<group>"; };
		A8F80DD62337B12D001442A9 /* NativeNetworkManagerTests.swift */ = {isa = PBXFileReference; lastKnownFileType = sourcecode.swift; path = NativeNetworkManagerTests.swift; sourceTree = "<group>"; };
		C4E942E396A03AE669B83590 /* Pods-SibGUTimetable.debug.xcconfig */ = {isa = PBXFileReference; includeInIndex = 1; lastKnownFileType = text.xcconfig; name = "Pods-SibGUTimetable.debug.xcconfig"; path = "Target Support Files/Pods-SibGUTimetable/Pods-SibGUTimetable.debug.xcconfig"; sourceTree = "<group>"; };
		D09BD375C1F9D8578E9F09CA /* Pods-SibGUTimetableUITests.release.xcconfig */ = {isa = PBXFileReference; includeInIndex = 1; lastKnownFileType = text.xcconfig; name = "Pods-SibGUTimetableUITests.release.xcconfig"; path = "Target Support Files/Pods-SibGUTimetableUITests/Pods-SibGUTimetableUITests.release.xcconfig"; sourceTree = "<group>"; };
		DA73E05C76CA07255943DC6E /* Pods_SibGUTimetable.framework */ = {isa = PBXFileReference; explicitFileType = wrapper.framework; includeInIndex = 0; path = Pods_SibGUTimetable.framework; sourceTree = BUILT_PRODUCTS_DIR; };
		DF20B978A749E4F7EB205060 /* Pods-SibGUTimetableTests.release.xcconfig */ = {isa = PBXFileReference; includeInIndex = 1; lastKnownFileType = text.xcconfig; name = "Pods-SibGUTimetableTests.release.xcconfig"; path = "Target Support Files/Pods-SibGUTimetableTests/Pods-SibGUTimetableTests.release.xcconfig"; sourceTree = "<group>"; };
		E5BC7D6F075E095023E1F1F4 /* Pods-SibGUTimetable.release.xcconfig */ = {isa = PBXFileReference; includeInIndex = 1; lastKnownFileType = text.xcconfig; name = "Pods-SibGUTimetable.release.xcconfig"; path = "Target Support Files/Pods-SibGUTimetable/Pods-SibGUTimetable.release.xcconfig"; sourceTree = "<group>"; };
		E767CB62819BE6611B282C88 /* Pods-SibGUTimetableTests.debug.xcconfig */ = {isa = PBXFileReference; includeInIndex = 1; lastKnownFileType = text.xcconfig; name = "Pods-SibGUTimetableTests.debug.xcconfig"; path = "Target Support Files/Pods-SibGUTimetableTests/Pods-SibGUTimetableTests.debug.xcconfig"; sourceTree = "<group>"; };
		F7F86C01122598779E503086 /* Pods-SibGUTimetableUITests.debug.xcconfig */ = {isa = PBXFileReference; includeInIndex = 1; lastKnownFileType = text.xcconfig; name = "Pods-SibGUTimetableUITests.debug.xcconfig"; path = "Target Support Files/Pods-SibGUTimetableUITests/Pods-SibGUTimetableUITests.debug.xcconfig"; sourceTree = "<group>"; };
/* End PBXFileReference section */

/* Begin PBXFrameworksBuildPhase section */
		11BFD48B23E9BEFA00BE6B6B /* Frameworks */ = {
			isa = PBXFrameworksBuildPhase;
			buildActionMask = 2147483647;
			files = (
			);
			runOnlyForDeploymentPostprocessing = 0;
		};
		A8011EBA22B3D7C000567A37 /* Frameworks */ = {
			isa = PBXFrameworksBuildPhase;
			buildActionMask = 2147483647;
			files = (
				1177059F248E769900483E0A /* Logging in Frameworks */,
				96147595C3636E42C0F1E1A4 /* Pods_SibGUTimetable.framework in Frameworks */,
			);
			runOnlyForDeploymentPostprocessing = 0;
		};
		A8011ED122B3D7C100567A37 /* Frameworks */ = {
			isa = PBXFrameworksBuildPhase;
			buildActionMask = 2147483647;
			files = (
				D60A521E49E599E56CC36265 /* Pods_SibGUTimetableTests.framework in Frameworks */,
			);
			runOnlyForDeploymentPostprocessing = 0;
		};
		A8011EDC22B3D7C100567A37 /* Frameworks */ = {
			isa = PBXFrameworksBuildPhase;
			buildActionMask = 2147483647;
			files = (
				6097B719C65E514D27B48132 /* Pods_SibGUTimetableUITests.framework in Frameworks */,
			);
			runOnlyForDeploymentPostprocessing = 0;
		};
/* End PBXFrameworksBuildPhase section */

/* Begin PBXGroup section */
		1114AD5A23E32D7B00E99C84 /* CustomPageView */ = {
			isa = PBXGroup;
			children = (
				1114AD5B23E32DBE00E99C84 /* CustomizablePageViewController.swift */,
				1114AD6123E3F8A800E99C84 /* CustomizablePageViewDataSource.swift */,
				6095322281714670A637E162 /* CustomizablePageViewDelegate.swift */,
			);
			path = CustomPageView;
			sourceTree = "<group>";
		};
		1114AD5F23E3F69100E99C84 /* Modules */ = {
			isa = PBXGroup;
			children = (
				111E0D71240E7F2F000F4D4B /* AboutApp */,
				11C606CC23E4834600CF2C79 /* SideMenu */,
				119F6FF723E4247300FD6D46 /* SearchGroup */,
				A8E3BC4A22D1F73C006E1B65 /* Timetable */,
			);
			path = Modules;
			sourceTree = "<group>";
		};
		1114AD6023E3F78F00E99C84 /* Common */ = {
			isa = PBXGroup;
			children = (
				1114AD5A23E32D7B00E99C84 /* CustomPageView */,
				A8ECF6B922C8A5A100B97D2A /* CalendarParser.swift */,
				11C606CD23E4836D00CF2C79 /* ReusableTableViewDataSource.swift */,
				11BFD48823E9BC2C00BE6B6B /* UserPreferences.swift */,
				117705A0248E7F7700483E0A /* CustomLogHandler.swift */,
				11CD09E0249270BA00D4612E /* Theme.swift */,
			);
			path = Common;
			sourceTree = "<group>";
		};
		1114AD6323E3F99300E99C84 /* Cells */ = {
			isa = PBXGroup;
			children = (
				1103A0C423FFF89200D87570 /* LessonCell.swift */,
				11FD6644241681ED00844150 /* LessonSubgroupCell.swift */,
			);
			path = Cells;
			sourceTree = "<group>";
		};
		1114AD6423E3F99F00E99C84 /* ViewModels */ = {
			isa = PBXGroup;
			children = (
				A8209F2D22D71A1400E1BAF6 /* TimetableViewModel.swift */,
				A8209F1822D70A7200E1BAF6 /* TimetableLessonViewModel.swift */,
				A89DDCA322D704F500769EAA /* TimetableDayViewModel.swift */,
			);
			path = ViewModels;
			sourceTree = "<group>";
		};
		111E0D71240E7F2F000F4D4B /* AboutApp */ = {
			isa = PBXGroup;
			children = (
				111E0D72240E7F4C000F4D4B /* AboutAppViewController.swift */,
			);
			path = AboutApp;
			sourceTree = "<group>";
		};
		119F178E248BACFE00EF0B21 /* Dependencies */ = {
			isa = PBXGroup;
			children = (
				119F178C248BACEB00EF0B21 /* Assembler.swift */,
				119F178F248BAD2800EF0B21 /* RepositoryAssembler.swift */,
				119F1791248BB31C00EF0B21 /* UserPreferencesAssembler.swift */,
			);
			path = Dependencies;
			sourceTree = "<group>";
		};
		119F6FF723E4247300FD6D46 /* SearchGroup */ = {
			isa = PBXGroup;
			children = (
				114C9E4923D6B72700BED746 /* GroupSearchViewModelController.swift */,
				114C9E4B23D6B86000BED746 /* GroupSearchViewModel.swift */,
				1127386B23D714790074C7A4 /* GroupSearchViewController.swift */,
			);
			path = SearchGroup;
			sourceTree = "<group>";
		};
		119F6FF823E4267A00FD6D46 /* Models */ = {
			isa = PBXGroup;
			children = (
				A8209F1A22D7107500E1BAF6 /* Manual Generated */,
			);
			path = Models;
			sourceTree = "<group>";
		};
		11BFB85923E3FABA00535F7E /* Application */ = {
			isa = PBXGroup;
			children = (
				119F178E248BACFE00EF0B21 /* Dependencies */,
				A8011EC022B3D7C000567A37 /* AppDelegate.swift */,
			);
			path = Application;
			sourceTree = "<group>";
		};
		11BFB85A23E3FAF000535F7E /* DataManagers */ = {
			isa = PBXGroup;
			children = (
			);
			path = DataManagers;
			sourceTree = "<group>";
		};
		11BFD49823E9BFFC00BE6B6B /* UserPreferences */ = {
			isa = PBXGroup;
			children = (
				11BFD49923E9C01900BE6B6B /* UserPrerencesTests.swift */,
			);
			path = UserPreferences;
			sourceTree = "<group>";
		};
		11C606CC23E4834600CF2C79 /* SideMenu */ = {
			isa = PBXGroup;
			children = (
				11DA582923E7310B005FB1BF /* MenuTableViewController.swift */,
			);
			path = SideMenu;
			sourceTree = "<group>";
		};
		11E80DC124B74BDD002CDB39 /* Localization */ = {
			isa = PBXGroup;
			children = (
				11845E9624B8451B00791186 /* LocalizedStrings.swift */,
			);
			path = Localization;
			sourceTree = "<group>";
		};
		11EA09C423C0506100CA52C2 /* Coordinators */ = {
			isa = PBXGroup;
			children = (
				11EA09C523C0507400CA52C2 /* Coordinator.swift */,
				11EA09C723C050B500CA52C2 /* TimetableCoordinator.swift */,
				11EA09C923C0512F00CA52C2 /* AppCoordinator.swift */,
				11DC92FC23D9D4C500314C39 /* GroupSearchCoordinator.swift */,
				1114AD5D23E3390400E99C84 /* TestPageView.swift */,
				11C3889B23E438E200ED43A5 /* SideMenuCoordinator.swift */,
				11017F5F2413C52D003E2871 /* AboutAppCoordinator.swift */,
			);
			path = Coordinators;
			sourceTree = "<group>";
		};
		1E56705CF29021D3536095EF /* Frameworks */ = {
			isa = PBXGroup;
			children = (
				DA73E05C76CA07255943DC6E /* Pods_SibGUTimetable.framework */,
				8A161EF1AAC4CC928AB0BD83 /* Pods_SibGUTimetableTests.framework */,
				6171F10FE805AF1C7BA5BD53 /* Pods_SibGUTimetableUITests.framework */,
			);
			name = Frameworks;
			sourceTree = "<group>";
		};
		25A3ECD16E5995F1D003F2A0 /* Pods */ = {
			isa = PBXGroup;
			children = (
				C4E942E396A03AE669B83590 /* Pods-SibGUTimetable.debug.xcconfig */,
				E5BC7D6F075E095023E1F1F4 /* Pods-SibGUTimetable.release.xcconfig */,
				E767CB62819BE6611B282C88 /* Pods-SibGUTimetableTests.debug.xcconfig */,
				DF20B978A749E4F7EB205060 /* Pods-SibGUTimetableTests.release.xcconfig */,
				F7F86C01122598779E503086 /* Pods-SibGUTimetableUITests.debug.xcconfig */,
				D09BD375C1F9D8578E9F09CA /* Pods-SibGUTimetableUITests.release.xcconfig */,
			);
			path = Pods;
			sourceTree = "<group>";
		};
		60953CBBBE2DB765E8C3A7CA /* Repository */ = {
			isa = PBXGroup;
			children = (
				60953F5405BA4E4523BB8045 /* TimetableRepository.swift */,
				60953E8DE54162987E8893BB /* CoreDataTTRepository.swift */,
				A88C2D47236D69E300CBE473 /* FakeLocalTTRepository.swift */,
				11DC92FE23D9E51F00314C39 /* ServerTTRepositoryTODORemake.swift */,
				119E51C023DEDC3200E1ABA4 /* StubTTRepository.swift */,
				1114AD5223E1635100E99C84 /* TimetableDataManager.swift */,
				1114AD5623E18A8800E99C84 /* ServerRepository.swift */,
			);
			path = Repository;
			sourceTree = "<group>";
		};
		A8011EB422B3D7C000567A37 = {
			isa = PBXGroup;
			children = (
				11017F622413D5D9003E2871 /* Pods-SibGUTimetable-acknowledgements.plist */,
				1141FA5A23C9F07900796667 /* GoogleService-Info.plist */,
				A8011EBF22B3D7C000567A37 /* SibGUTimetable */,
				A8011ED722B3D7C100567A37 /* SibGUTimetableTests */,
				A8011EE222B3D7C100567A37 /* SibGUTimetableUITests */,
				A8011EBE22B3D7C000567A37 /* Products */,
				25A3ECD16E5995F1D003F2A0 /* Pods */,
				1E56705CF29021D3536095EF /* Frameworks */,
			);
			sourceTree = "<group>";
		};
		A8011EBE22B3D7C000567A37 /* Products */ = {
			isa = PBXGroup;
			children = (
				A8011EBD22B3D7C000567A37 /* SibGUTimetable.app */,
				A8011ED422B3D7C100567A37 /* SibGUTimetableTests.xctest */,
				A8011EDF22B3D7C100567A37 /* SibGUTimetableUITests.xctest */,
				11BFD48E23E9BEFA00BE6B6B /* UserPreferencesTests.xctest */,
			);
			name = Products;
			sourceTree = "<group>";
		};
		A8011EBF22B3D7C000567A37 /* SibGUTimetable */ = {
			isa = PBXGroup;
			children = (
				11E80DC124B74BDD002CDB39 /* Localization */,
				A8D2299F235C506B00FE98BE /* Extensions */,
				11EA09C423C0506100CA52C2 /* Coordinators */,
				119F6FF823E4267A00FD6D46 /* Models */,
				11BFB85A23E3FAF000535F7E /* DataManagers */,
				11BFB85923E3FABA00535F7E /* Application */,
				1114AD6023E3F78F00E99C84 /* Common */,
				1114AD5F23E3F69100E99C84 /* Modules */,
				A8F80DD32337A6AA001442A9 /* Network */,
				60953CBBBE2DB765E8C3A7CA /* Repository */,
				A8011EF422B3D8BC00567A37 /* Resources */,
			);
			path = SibGUTimetable;
			sourceTree = "<group>";
		};
		A8011ED722B3D7C100567A37 /* SibGUTimetableTests */ = {
			isa = PBXGroup;
			children = (
				A8D4A549235C64DC0093FE61 /* Helper Files */,
				A8D4A544235C53170093FE61 /* Helper Extensions */,
				A8D4A543235C53100093FE61 /* Helper Classes */,
				A8D4A542235C530A0093FE61 /* Mocks */,
				A8D4A541235C52DC0093FE61 /* Cases */,
				A8011EDA22B3D7C100567A37 /* Info.plist */,
			);
			path = SibGUTimetableTests;
			sourceTree = "<group>";
		};
		A8011EE222B3D7C100567A37 /* SibGUTimetableUITests */ = {
			isa = PBXGroup;
			children = (
				A8011EE322B3D7C100567A37 /* SibGUTimetableUITests.swift */,
				A8011EE522B3D7C100567A37 /* Info.plist */,
			);
			path = SibGUTimetableUITests;
			sourceTree = "<group>";
		};
		A8011EF422B3D8BC00567A37 /* Resources */ = {
			isa = PBXGroup;
			children = (
				A833C99E2310166E00290DBD /* Objc-Bridge-Header.h */,
				A8011ECC22B3D7C100567A37 /* LaunchScreen.storyboard */,
				A8011ECA22B3D7C100567A37 /* Assets.xcassets */,
				A8011EC722B3D7C000567A37 /* SibGUTimetable.xcdatamodeld */,
				A8011ECF22B3D7C100567A37 /* Info.plist */,
				11845E9224B8434500791186 /* Localizable.strings */,
			);
			path = Resources;
			sourceTree = "<group>";
		};
		A8209F1A22D7107500E1BAF6 /* Manual Generated */ = {
			isa = PBXGroup;
			children = (
				119E51AD23DED7C100E1ABA4 /* Lesson+CoreDataProperties.swift */,
				119E51AF23DED7C100E1ABA4 /* Day+CoreDataProperties.swift */,
				119E51B123DED7C100E1ABA4 /* Timetable+CoreDataProperties.swift */,
				119E51B223DED7C100E1ABA4 /* LessonGroup+CoreDataProperties.swift */,
				119E51B423DED7C100E1ABA4 /* Week+CoreDataProperties.swift */,
				A8537EB722EC494B005183C7 /* Lesson+CoreDataClass.swift */,
				118F0C0F23C24500003BCEF2 /* Timetable+CoreDataClass.swift */,
				A8537EB922EC494B005183C7 /* Week+CoreDataClass.swift */,
				119E519E23DED59E00E1ABA4 /* LessonGroup+CoreDataClass.swift */,
				A8537EBB22EC494B005183C7 /* Day+CoreDataClass.swift */,
			);
			path = "Manual Generated";
			sourceTree = "<group>";
		};
		A8AFAA68236EDC5400E0AB6D /* Repository */ = {
			isa = PBXGroup;
			children = (
				1114AD5423E189FF00E99C84 /* DataManagerTests.swift */,
				A8AFAA69236EDCAA00E0AB6D /* TimetableRepositoryTests.swift */,
			);
			path = Repository;
			sourceTree = "<group>";
		};
		A8D2299F235C506B00FE98BE /* Extensions */ = {
			isa = PBXGroup;
			children = (
				A8D2299D235C503C00FE98BE /* URLSession + Ext.swift */,
				1114AD5823E1982C00E99C84 /* ObservableType+Ext.swift */,
				6095332493044377CF1705DF /* FSCalendar + Ext.swift */,
				609533396D1049D91B806AC2 /* Date + Ext.swift */,
				11C3889D23E4468000ED43A5 /* UINavigationController + Ext.swift */,
				11B14BEC23E841FA00B44958 /* UIViewController + Ext.swift */,
			);
			name = Extensions;
			path = Network/Extensions;
			sourceTree = "<group>";
		};
		A8D4A541235C52DC0093FE61 /* Cases */ = {
			isa = PBXGroup;
			children = (
				11BFD49823E9BFFC00BE6B6B /* UserPreferences */,
				A8AFAA68236EDC5400E0AB6D /* Repository */,
				A8D4A546235C533B0093FE61 /* AppModel */,
				A8D4A545235C53260093FE61 /* Network */,
			);
			path = Cases;
			sourceTree = "<group>";
		};
		A8D4A542235C530A0093FE61 /* Mocks */ = {
			isa = PBXGroup;
			children = (
				A872CA39235C8B940040BB69 /* MockNetworkSession.swift */,
			);
			path = Mocks;
			sourceTree = "<group>";
		};
		A8D4A543235C53100093FE61 /* Helper Classes */ = {
			isa = PBXGroup;
			children = (
				A872CA3B235C92680040BB69 /* FileLoader.swift */,
			);
			path = "Helper Classes";
			sourceTree = "<group>";
		};
		A8D4A544235C53170093FE61 /* Helper Extensions */ = {
			isa = PBXGroup;
			children = (
			);
			path = "Helper Extensions";
			sourceTree = "<group>";
		};
		A8D4A545235C53260093FE61 /* Network */ = {
			isa = PBXGroup;
			children = (
				1141FA6423CA0F3300796667 /* NativeServerAPITests.swift */,
				A8F80DD62337B12D001442A9 /* NativeNetworkManagerTests.swift */,
			);
			path = Network;
			sourceTree = "<group>";
		};
		A8D4A546235C533B0093FE61 /* AppModel */ = {
			isa = PBXGroup;
			children = (
				A8011ED822B3D7C100567A37 /* SibGUTimetableTests.swift */,
			);
			path = AppModel;
			sourceTree = "<group>";
		};
		A8D4A549235C64DC0093FE61 /* Helper Files */ = {
			isa = PBXGroup;
			children = (
				1197A53023BE20E0008737B2 /* schedule.json */,
			);
			path = "Helper Files";
			sourceTree = "<group>";
		};
		A8E3BC4A22D1F73C006E1B65 /* Timetable */ = {
			isa = PBXGroup;
			children = (
				1114AD6423E3F99F00E99C84 /* ViewModels */,
				1114AD6323E3F99300E99C84 /* Cells */,
				609533084061D3F5C983CC07 /* TimetableViewModelController.swift */,
				A8011EC222B3D7C000567A37 /* TimetableViewController.swift */,
				A8E3BC4B22D1F7A7006E1B65 /* TimetableLessonListController.swift */,
				11B14BEA23E83DBD00B44958 /* TimetablePageViewController.swift */,
			);
			path = Timetable;
			sourceTree = "<group>";
		};
		A8F80DD32337A6AA001442A9 /* Network */ = {
			isa = PBXGroup;
			children = (
				1141FA5E23CA09BB00796667 /* APIServer.swift */,
			);
			path = Network;
			sourceTree = "<group>";
		};
/* End PBXGroup section */

/* Begin PBXNativeTarget section */
		11BFD48D23E9BEFA00BE6B6B /* UserPreferencesTests */ = {
			isa = PBXNativeTarget;
			buildConfigurationList = 11BFD49523E9BEFA00BE6B6B /* Build configuration list for PBXNativeTarget "UserPreferencesTests" */;
			buildPhases = (
				11BFD48A23E9BEFA00BE6B6B /* Sources */,
				11BFD48B23E9BEFA00BE6B6B /* Frameworks */,
				11BFD48C23E9BEFA00BE6B6B /* Resources */,
			);
			buildRules = (
			);
			dependencies = (
				11BFD49423E9BEFA00BE6B6B /* PBXTargetDependency */,
			);
			name = UserPreferencesTests;
			productName = UserPreferencesTests;
			productReference = 11BFD48E23E9BEFA00BE6B6B /* UserPreferencesTests.xctest */;
			productType = "com.apple.product-type.bundle.unit-test";
		};
		A8011EBC22B3D7C000567A37 /* SibGUTimetable */ = {
			isa = PBXNativeTarget;
			buildConfigurationList = A8011EE822B3D7C100567A37 /* Build configuration list for PBXNativeTarget "SibGUTimetable" */;
			buildPhases = (
				356180C57A53D8FAFB1114F0 /* [CP] Check Pods Manifest.lock */,
				A8011EB922B3D7C000567A37 /* Sources */,
				A8011EBA22B3D7C000567A37 /* Frameworks */,
				A8011EBB22B3D7C000567A37 /* Resources */,
				8BDA001D2349BEA39EB4845E /* [CP] Embed Pods Frameworks */,
			);
			buildRules = (
			);
			dependencies = (
			);
			name = SibGUTimetable;
			packageProductDependencies = (
				1177059E248E769900483E0A /* Logging */,
			);
			productName = SibGUTimetable;
			productReference = A8011EBD22B3D7C000567A37 /* SibGUTimetable.app */;
			productType = "com.apple.product-type.application";
		};
		A8011ED322B3D7C100567A37 /* SibGUTimetableTests */ = {
			isa = PBXNativeTarget;
			buildConfigurationList = A8011EEB22B3D7C100567A37 /* Build configuration list for PBXNativeTarget "SibGUTimetableTests" */;
			buildPhases = (
				E87FA226666410F80039CFEF /* [CP] Check Pods Manifest.lock */,
				A8011ED022B3D7C100567A37 /* Sources */,
				A8011ED122B3D7C100567A37 /* Frameworks */,
				A8011ED222B3D7C100567A37 /* Resources */,
			);
			buildRules = (
			);
			dependencies = (
				A8011ED622B3D7C100567A37 /* PBXTargetDependency */,
			);
			name = SibGUTimetableTests;
			productName = SibGUTimetableTests;
			productReference = A8011ED422B3D7C100567A37 /* SibGUTimetableTests.xctest */;
			productType = "com.apple.product-type.bundle.unit-test";
		};
		A8011EDE22B3D7C100567A37 /* SibGUTimetableUITests */ = {
			isa = PBXNativeTarget;
			buildConfigurationList = A8011EEE22B3D7C100567A37 /* Build configuration list for PBXNativeTarget "SibGUTimetableUITests" */;
			buildPhases = (
				CE6ECD32F01730BA12B5190A /* [CP] Check Pods Manifest.lock */,
				A8011EDB22B3D7C100567A37 /* Sources */,
				A8011EDC22B3D7C100567A37 /* Frameworks */,
				A8011EDD22B3D7C100567A37 /* Resources */,
				7BDEE1933D545FF5950EE3BC /* [CP] Embed Pods Frameworks */,
			);
			buildRules = (
			);
			dependencies = (
				A8011EE122B3D7C100567A37 /* PBXTargetDependency */,
			);
			name = SibGUTimetableUITests;
			productName = SibGUTimetableUITests;
			productReference = A8011EDF22B3D7C100567A37 /* SibGUTimetableUITests.xctest */;
			productType = "com.apple.product-type.bundle.ui-testing";
		};
/* End PBXNativeTarget section */

/* Begin PBXProject section */
		A8011EB522B3D7C000567A37 /* Project object */ = {
			isa = PBXProject;
			attributes = {
				LastSwiftUpdateCheck = 1130;
				LastUpgradeCheck = 1020;
				ORGANIZATIONNAME = Alexandr;
				TargetAttributes = {
					11BFD48D23E9BEFA00BE6B6B = {
						CreatedOnToolsVersion = 11.3.1;
						TestTargetID = A8011EBC22B3D7C000567A37;
					};
					A8011EBC22B3D7C000567A37 = {
						CreatedOnToolsVersion = 10.2;
					};
					A8011ED322B3D7C100567A37 = {
						CreatedOnToolsVersion = 10.2;
						TestTargetID = A8011EBC22B3D7C000567A37;
					};
					A8011EDE22B3D7C100567A37 = {
						CreatedOnToolsVersion = 10.2;
						TestTargetID = A8011EBC22B3D7C000567A37;
					};
				};
			};
			buildConfigurationList = A8011EB822B3D7C000567A37 /* Build configuration list for PBXProject "SibGUTimetable" */;
			compatibilityVersion = "Xcode 9.3";
			developmentRegion = en;
			hasScannedForEncodings = 0;
			knownRegions = (
				en,
				Base,
				ru,
			);
			mainGroup = A8011EB422B3D7C000567A37;
			packageReferences = (
				1177059D248E769900483E0A /* XCRemoteSwiftPackageReference "swift-log" */,
			);
			productRefGroup = A8011EBE22B3D7C000567A37 /* Products */;
			projectDirPath = "";
			projectRoot = "";
			targets = (
				A8011EBC22B3D7C000567A37 /* SibGUTimetable */,
				A8011ED322B3D7C100567A37 /* SibGUTimetableTests */,
				A8011EDE22B3D7C100567A37 /* SibGUTimetableUITests */,
				11BFD48D23E9BEFA00BE6B6B /* UserPreferencesTests */,
			);
		};
/* End PBXProject section */

/* Begin PBXResourcesBuildPhase section */
		11BFD48C23E9BEFA00BE6B6B /* Resources */ = {
			isa = PBXResourcesBuildPhase;
			buildActionMask = 2147483647;
			files = (
			);
			runOnlyForDeploymentPostprocessing = 0;
		};
		A8011EBB22B3D7C000567A37 /* Resources */ = {
			isa = PBXResourcesBuildPhase;
			buildActionMask = 2147483647;
			files = (
				A8011ECE22B3D7C100567A37 /* LaunchScreen.storyboard in Resources */,
				11845E9424B8434500791186 /* Localizable.strings in Resources */,
				1141FA5B23C9F07900796667 /* GoogleService-Info.plist in Resources */,
				11017F632413D5D9003E2871 /* Pods-SibGUTimetable-acknowledgements.plist in Resources */,
				A8011ECB22B3D7C100567A37 /* Assets.xcassets in Resources */,
				1197A53223BE501A008737B2 /* schedule.json in Resources */,
			);
			runOnlyForDeploymentPostprocessing = 0;
		};
		A8011ED222B3D7C100567A37 /* Resources */ = {
			isa = PBXResourcesBuildPhase;
			buildActionMask = 2147483647;
			files = (
				1197A53123BE20E0008737B2 /* schedule.json in Resources */,
				1141FA5C23C9F07900796667 /* GoogleService-Info.plist in Resources */,
			);
			runOnlyForDeploymentPostprocessing = 0;
		};
		A8011EDD22B3D7C100567A37 /* Resources */ = {
			isa = PBXResourcesBuildPhase;
			buildActionMask = 2147483647;
			files = (
				1141FA5D23C9F07900796667 /* GoogleService-Info.plist in Resources */,
			);
			runOnlyForDeploymentPostprocessing = 0;
		};
/* End PBXResourcesBuildPhase section */

/* Begin PBXShellScriptBuildPhase section */
		356180C57A53D8FAFB1114F0 /* [CP] Check Pods Manifest.lock */ = {
			isa = PBXShellScriptBuildPhase;
			buildActionMask = 2147483647;
			files = (
			);
			inputFileListPaths = (
			);
			inputPaths = (
				"${PODS_PODFILE_DIR_PATH}/Podfile.lock",
				"${PODS_ROOT}/Manifest.lock",
			);
			name = "[CP] Check Pods Manifest.lock";
			outputFileListPaths = (
			);
			outputPaths = (
				"$(DERIVED_FILE_DIR)/Pods-SibGUTimetable-checkManifestLockResult.txt",
			);
			runOnlyForDeploymentPostprocessing = 0;
			shellPath = /bin/sh;
			shellScript = "diff \"${PODS_PODFILE_DIR_PATH}/Podfile.lock\" \"${PODS_ROOT}/Manifest.lock\" > /dev/null\nif [ $? != 0 ] ; then\n    # print error to STDERR\n    echo \"error: The sandbox is not in sync with the Podfile.lock. Run 'pod install' or update your CocoaPods installation.\" >&2\n    exit 1\nfi\n# This output is used by Xcode 'outputs' to avoid re-running this script phase.\necho \"SUCCESS\" > \"${SCRIPT_OUTPUT_FILE_0}\"\n";
			showEnvVarsInLog = 0;
		};
		7BDEE1933D545FF5950EE3BC /* [CP] Embed Pods Frameworks */ = {
			isa = PBXShellScriptBuildPhase;
			buildActionMask = 2147483647;
			files = (
			);
			inputFileListPaths = (
				"${PODS_ROOT}/Target Support Files/Pods-SibGUTimetableUITests/Pods-SibGUTimetableUITests-frameworks-${CONFIGURATION}-input-files.xcfilelist",
			);
			name = "[CP] Embed Pods Frameworks";
			outputFileListPaths = (
				"${PODS_ROOT}/Target Support Files/Pods-SibGUTimetableUITests/Pods-SibGUTimetableUITests-frameworks-${CONFIGURATION}-output-files.xcfilelist",
			);
			runOnlyForDeploymentPostprocessing = 0;
			shellPath = /bin/sh;
			shellScript = "\"${PODS_ROOT}/Target Support Files/Pods-SibGUTimetableUITests/Pods-SibGUTimetableUITests-frameworks.sh\"\n";
			showEnvVarsInLog = 0;
		};
		8BDA001D2349BEA39EB4845E /* [CP] Embed Pods Frameworks */ = {
			isa = PBXShellScriptBuildPhase;
			buildActionMask = 2147483647;
			files = (
			);
			inputFileListPaths = (
				"${PODS_ROOT}/Target Support Files/Pods-SibGUTimetable/Pods-SibGUTimetable-frameworks-${CONFIGURATION}-input-files.xcfilelist",
			);
			name = "[CP] Embed Pods Frameworks";
			outputFileListPaths = (
				"${PODS_ROOT}/Target Support Files/Pods-SibGUTimetable/Pods-SibGUTimetable-frameworks-${CONFIGURATION}-output-files.xcfilelist",
			);
			runOnlyForDeploymentPostprocessing = 0;
			shellPath = /bin/sh;
			shellScript = "\"${PODS_ROOT}/Target Support Files/Pods-SibGUTimetable/Pods-SibGUTimetable-frameworks.sh\"\n";
			showEnvVarsInLog = 0;
		};
		CE6ECD32F01730BA12B5190A /* [CP] Check Pods Manifest.lock */ = {
			isa = PBXShellScriptBuildPhase;
			buildActionMask = 2147483647;
			files = (
			);
			inputFileListPaths = (
			);
			inputPaths = (
				"${PODS_PODFILE_DIR_PATH}/Podfile.lock",
				"${PODS_ROOT}/Manifest.lock",
			);
			name = "[CP] Check Pods Manifest.lock";
			outputFileListPaths = (
			);
			outputPaths = (
				"$(DERIVED_FILE_DIR)/Pods-SibGUTimetableUITests-checkManifestLockResult.txt",
			);
			runOnlyForDeploymentPostprocessing = 0;
			shellPath = /bin/sh;
			shellScript = "diff \"${PODS_PODFILE_DIR_PATH}/Podfile.lock\" \"${PODS_ROOT}/Manifest.lock\" > /dev/null\nif [ $? != 0 ] ; then\n    # print error to STDERR\n    echo \"error: The sandbox is not in sync with the Podfile.lock. Run 'pod install' or update your CocoaPods installation.\" >&2\n    exit 1\nfi\n# This output is used by Xcode 'outputs' to avoid re-running this script phase.\necho \"SUCCESS\" > \"${SCRIPT_OUTPUT_FILE_0}\"\n";
			showEnvVarsInLog = 0;
		};
		E87FA226666410F80039CFEF /* [CP] Check Pods Manifest.lock */ = {
			isa = PBXShellScriptBuildPhase;
			buildActionMask = 2147483647;
			files = (
			);
			inputFileListPaths = (
			);
			inputPaths = (
				"${PODS_PODFILE_DIR_PATH}/Podfile.lock",
				"${PODS_ROOT}/Manifest.lock",
			);
			name = "[CP] Check Pods Manifest.lock";
			outputFileListPaths = (
			);
			outputPaths = (
				"$(DERIVED_FILE_DIR)/Pods-SibGUTimetableTests-checkManifestLockResult.txt",
			);
			runOnlyForDeploymentPostprocessing = 0;
			shellPath = /bin/sh;
			shellScript = "diff \"${PODS_PODFILE_DIR_PATH}/Podfile.lock\" \"${PODS_ROOT}/Manifest.lock\" > /dev/null\nif [ $? != 0 ] ; then\n    # print error to STDERR\n    echo \"error: The sandbox is not in sync with the Podfile.lock. Run 'pod install' or update your CocoaPods installation.\" >&2\n    exit 1\nfi\n# This output is used by Xcode 'outputs' to avoid re-running this script phase.\necho \"SUCCESS\" > \"${SCRIPT_OUTPUT_FILE_0}\"\n";
			showEnvVarsInLog = 0;
		};
/* End PBXShellScriptBuildPhase section */

/* Begin PBXSourcesBuildPhase section */
		11BFD48A23E9BEFA00BE6B6B /* Sources */ = {
			isa = PBXSourcesBuildPhase;
			buildActionMask = 2147483647;
			files = (
			);
			runOnlyForDeploymentPostprocessing = 0;
		};
		A8011EB922B3D7C000567A37 /* Sources */ = {
			isa = PBXSourcesBuildPhase;
			buildActionMask = 2147483647;
			files = (
				A8011EC322B3D7C000567A37 /* TimetableViewController.swift in Sources */,
				A8209F1922D70A7200E1BAF6 /* TimetableLessonViewModel.swift in Sources */,
				114C9E4C23D6B86000BED746 /* GroupSearchViewModel.swift in Sources */,
				1127386C23D714790074C7A4 /* GroupSearchViewController.swift in Sources */,
				119E51B823DED7C100E1ABA4 /* Day+CoreDataProperties.swift in Sources */,
				A8537EC122EC494B005183C7 /* Week+CoreDataClass.swift in Sources */,
				11C3889C23E438E200ED43A5 /* SideMenuCoordinator.swift in Sources */,
				1114AD5C23E32DBE00E99C84 /* CustomizablePageViewController.swift in Sources */,
				11C606CE23E4836D00CF2C79 /* ReusableTableViewDataSource.swift in Sources */,
				A8011EC922B3D7C000567A37 /* SibGUTimetable.xcdatamodeld in Sources */,
				11BFD48923E9BC2C00BE6B6B /* UserPreferences.swift in Sources */,
				11EA09CA23C0512F00CA52C2 /* AppCoordinator.swift in Sources */,
				11B14BEB23E83DBD00B44958 /* TimetablePageViewController.swift in Sources */,
				11EA09C823C050B500CA52C2 /* TimetableCoordinator.swift in Sources */,
				A8537EBF22EC494B005183C7 /* Lesson+CoreDataClass.swift in Sources */,
				A8ECF6BA22C8A5A100B97D2A /* CalendarParser.swift in Sources */,
				119F178D248BACEB00EF0B21 /* Assembler.swift in Sources */,
				1103A0C523FFF89200D87570 /* LessonCell.swift in Sources */,
				119E51C123DEDC3200E1ABA4 /* StubTTRepository.swift in Sources */,
				A8209F2E22D71A1400E1BAF6 /* TimetableViewModel.swift in Sources */,
				A8537EC322EC494B005183C7 /* Day+CoreDataClass.swift in Sources */,
				1114AD5723E18A8800E99C84 /* ServerRepository.swift in Sources */,
				1114AD5323E1635100E99C84 /* TimetableDataManager.swift in Sources */,
				A89DDCA422D704F500769EAA /* TimetableDayViewModel.swift in Sources */,
				11017F602413C52D003E2871 /* AboutAppCoordinator.swift in Sources */,
				A8011EC122B3D7C000567A37 /* AppDelegate.swift in Sources */,
				11EA09C623C0507400CA52C2 /* Coordinator.swift in Sources */,
				119E51B623DED7C100E1ABA4 /* Lesson+CoreDataProperties.swift in Sources */,
				111E0D73240E7F4C000F4D4B /* AboutAppViewController.swift in Sources */,
				114C9E4A23D6B72700BED746 /* GroupSearchViewModelController.swift in Sources */,
				A8E3BC4C22D1F7A7006E1B65 /* TimetableLessonListController.swift in Sources */,
				119E51BD23DED7C100E1ABA4 /* Week+CoreDataProperties.swift in Sources */,
				1114AD5923E1982C00E99C84 /* ObservableType+Ext.swift in Sources */,
				A8D2299E235C503C00FE98BE /* URLSession + Ext.swift in Sources */,
				11845E9724B8451B00791186 /* LocalizedStrings.swift in Sources */,
				1114AD5E23E3390400E99C84 /* TestPageView.swift in Sources */,
				119F1792248BB31C00EF0B21 /* UserPreferencesAssembler.swift in Sources */,
				11DC92FD23D9D4C500314C39 /* GroupSearchCoordinator.swift in Sources */,
				60953E2F9CE8749238040627 /* CustomizablePageViewDelegate.swift in Sources */,
				609530D6831E2DBBD2A1D1C3 /* FSCalendar + Ext.swift in Sources */,
				11DC92FF23D9E51F00314C39 /* ServerTTRepositoryTODORemake.swift in Sources */,
				A88C2D46236D67F400CBE473 /* FileLoader.swift in Sources */,
				11CD09E1249270BA00D4612E /* Theme.swift in Sources */,
				119E51A823DED59E00E1ABA4 /* LessonGroup+CoreDataClass.swift in Sources */,
				119E51BA23DED7C100E1ABA4 /* Timetable+CoreDataProperties.swift in Sources */,
				119F1790248BAD2800EF0B21 /* RepositoryAssembler.swift in Sources */,
				119E51BB23DED7C100E1ABA4 /* LessonGroup+CoreDataProperties.swift in Sources */,
				11C3889E23E4468000ED43A5 /* UINavigationController + Ext.swift in Sources */,
				118F0C1023C24500003BCEF2 /* Timetable+CoreDataClass.swift in Sources */,
				11DA582A23E7310B005FB1BF /* MenuTableViewController.swift in Sources */,
				11B14BED23E841FA00B44958 /* UIViewController + Ext.swift in Sources */,
				1114AD6223E3F8A800E99C84 /* CustomizablePageViewDataSource.swift in Sources */,
				60953F8DFEE1CE6C6A0575A4 /* Date + Ext.swift in Sources */,
				11FD6645241681ED00844150 /* LessonSubgroupCell.swift in Sources */,
				60953995244668EE378EFDBF /* TimetableRepository.swift in Sources */,
				60953CAAB0C4B89192F73D4F /* CoreDataTTRepository.swift in Sources */,
				1141FA5F23CA09BB00796667 /* APIServer.swift in Sources */,
				60953201621C1FC9AD6239EC /* TimetableViewModelController.swift in Sources */,
				117705A1248E7F7700483E0A /* CustomLogHandler.swift in Sources */,
				A88C2D48236D69E300CBE473 /* FakeLocalTTRepository.swift in Sources */,
			);
			runOnlyForDeploymentPostprocessing = 0;
		};
		A8011ED022B3D7C100567A37 /* Sources */ = {
			isa = PBXSourcesBuildPhase;
			buildActionMask = 2147483647;
			files = (
				A8011ED922B3D7C100567A37 /* SibGUTimetableTests.swift in Sources */,
				11BFD49A23E9C01900BE6B6B /* UserPrerencesTests.swift in Sources */,
				1114AD5523E18A0000E99C84 /* DataManagerTests.swift in Sources */,
				A8F80DD72337B12D001442A9 /* NativeNetworkManagerTests.swift in Sources */,
				119E51C223DF422B00E1ABA4 /* SibGUTimetable.xcdatamodeld in Sources */,
				A8AFAA6A236EDCAA00E0AB6D /* TimetableRepositoryTests.swift in Sources */,
				A872CA3A235C8B940040BB69 /* MockNetworkSession.swift in Sources */,
				1141FA6523CA0F3300796667 /* NativeServerAPITests.swift in Sources */,
				A872CA3C235C92680040BB69 /* FileLoader.swift in Sources */,
			);
			runOnlyForDeploymentPostprocessing = 0;
		};
		A8011EDB22B3D7C100567A37 /* Sources */ = {
			isa = PBXSourcesBuildPhase;
			buildActionMask = 2147483647;
			files = (
				A8011EE422B3D7C100567A37 /* SibGUTimetableUITests.swift in Sources */,
			);
			runOnlyForDeploymentPostprocessing = 0;
		};
/* End PBXSourcesBuildPhase section */

/* Begin PBXTargetDependency section */
		11BFD49423E9BEFA00BE6B6B /* PBXTargetDependency */ = {
			isa = PBXTargetDependency;
			target = A8011EBC22B3D7C000567A37 /* SibGUTimetable */;
			targetProxy = 11BFD49323E9BEFA00BE6B6B /* PBXContainerItemProxy */;
		};
		A8011ED622B3D7C100567A37 /* PBXTargetDependency */ = {
			isa = PBXTargetDependency;
			target = A8011EBC22B3D7C000567A37 /* SibGUTimetable */;
			targetProxy = A8011ED522B3D7C100567A37 /* PBXContainerItemProxy */;
		};
		A8011EE122B3D7C100567A37 /* PBXTargetDependency */ = {
			isa = PBXTargetDependency;
			target = A8011EBC22B3D7C000567A37 /* SibGUTimetable */;
			targetProxy = A8011EE022B3D7C100567A37 /* PBXContainerItemProxy */;
		};
/* End PBXTargetDependency section */

/* Begin PBXVariantGroup section */
		11845E9224B8434500791186 /* Localizable.strings */ = {
			isa = PBXVariantGroup;
			children = (
				11845E9324B8434500791186 /* Base */,
				11845E9524B8438C00791186 /* ru */,
			);
			name = Localizable.strings;
			sourceTree = "<group>";
		};
		A8011ECC22B3D7C100567A37 /* LaunchScreen.storyboard */ = {
			isa = PBXVariantGroup;
			children = (
				A8011ECD22B3D7C100567A37 /* Base */,
				11E80DC024B749DF002CDB39 /* ru */,
			);
			name = LaunchScreen.storyboard;
			sourceTree = "<group>";
		};
/* End PBXVariantGroup section */

/* Begin XCBuildConfiguration section */
		11BFD49623E9BEFA00BE6B6B /* Debug */ = {
			isa = XCBuildConfiguration;
			buildSettings = {
				BUNDLE_LOADER = "$(TEST_HOST)";
				CODE_SIGN_STYLE = Automatic;
				INFOPLIST_FILE = UserPreferencesTests/Info.plist;
				IPHONEOS_DEPLOYMENT_TARGET = 13.2;
				LD_RUNPATH_SEARCH_PATHS = (
					"$(inherited)",
					"@executable_path/Frameworks",
					"@loader_path/Frameworks",
				);
				PRODUCT_BUNDLE_IDENTIFIER = sanyakam.UserPreferencesTests;
				PRODUCT_NAME = "$(TARGET_NAME)";
				SWIFT_VERSION = 5.0;
				TARGETED_DEVICE_FAMILY = "1,2";
				TEST_HOST = "$(BUILT_PRODUCTS_DIR)/SibGUTimetable.app/SibGUTimetable";
			};
			name = Debug;
		};
		11BFD49723E9BEFA00BE6B6B /* Release */ = {
			isa = XCBuildConfiguration;
			buildSettings = {
				BUNDLE_LOADER = "$(TEST_HOST)";
				CODE_SIGN_STYLE = Automatic;
				INFOPLIST_FILE = UserPreferencesTests/Info.plist;
				IPHONEOS_DEPLOYMENT_TARGET = 13.2;
				LD_RUNPATH_SEARCH_PATHS = (
					"$(inherited)",
					"@executable_path/Frameworks",
					"@loader_path/Frameworks",
				);
				PRODUCT_BUNDLE_IDENTIFIER = sanyakam.UserPreferencesTests;
				PRODUCT_NAME = "$(TARGET_NAME)";
				SWIFT_VERSION = 5.0;
				TARGETED_DEVICE_FAMILY = "1,2";
				TEST_HOST = "$(BUILT_PRODUCTS_DIR)/SibGUTimetable.app/SibGUTimetable";
			};
			name = Release;
		};
		A8011EE622B3D7C100567A37 /* Debug */ = {
			isa = XCBuildConfiguration;
			buildSettings = {
				ALWAYS_SEARCH_USER_PATHS = NO;
				CLANG_ANALYZER_LOCALIZABILITY_NONLOCALIZED = YES;
				CLANG_ANALYZER_NONNULL = YES;
				CLANG_ANALYZER_NUMBER_OBJECT_CONVERSION = YES_AGGRESSIVE;
				CLANG_CXX_LANGUAGE_STANDARD = "gnu++14";
				CLANG_CXX_LIBRARY = "libc++";
				CLANG_ENABLE_MODULES = YES;
				CLANG_ENABLE_OBJC_ARC = YES;
				CLANG_ENABLE_OBJC_WEAK = YES;
				CLANG_WARN_BLOCK_CAPTURE_AUTORELEASING = YES;
				CLANG_WARN_BOOL_CONVERSION = YES;
				CLANG_WARN_COMMA = YES;
				CLANG_WARN_CONSTANT_CONVERSION = YES;
				CLANG_WARN_DEPRECATED_OBJC_IMPLEMENTATIONS = YES;
				CLANG_WARN_DIRECT_OBJC_ISA_USAGE = YES_ERROR;
				CLANG_WARN_DOCUMENTATION_COMMENTS = YES;
				CLANG_WARN_EMPTY_BODY = YES;
				CLANG_WARN_ENUM_CONVERSION = YES;
				CLANG_WARN_INFINITE_RECURSION = YES;
				CLANG_WARN_INT_CONVERSION = YES;
				CLANG_WARN_NON_LITERAL_NULL_CONVERSION = YES;
				CLANG_WARN_OBJC_IMPLICIT_RETAIN_SELF = YES;
				CLANG_WARN_OBJC_LITERAL_CONVERSION = YES;
				CLANG_WARN_OBJC_ROOT_CLASS = YES_ERROR;
				CLANG_WARN_RANGE_LOOP_ANALYSIS = YES;
				CLANG_WARN_STRICT_PROTOTYPES = YES;
				CLANG_WARN_SUSPICIOUS_MOVE = YES;
				CLANG_WARN_UNGUARDED_AVAILABILITY = YES_AGGRESSIVE;
				CLANG_WARN_UNREACHABLE_CODE = YES;
				CLANG_WARN__DUPLICATE_METHOD_MATCH = YES;
				CODE_SIGN_IDENTITY = "iPhone Developer";
				COPY_PHASE_STRIP = NO;
				DEBUG_INFORMATION_FORMAT = dwarf;
				ENABLE_STRICT_OBJC_MSGSEND = YES;
				ENABLE_TESTABILITY = YES;
				GCC_C_LANGUAGE_STANDARD = gnu11;
				GCC_DYNAMIC_NO_PIC = NO;
				GCC_NO_COMMON_BLOCKS = YES;
				GCC_OPTIMIZATION_LEVEL = 0;
				GCC_PREPROCESSOR_DEFINITIONS = (
					"DEBUG=1",
					"$(inherited)",
				);
				GCC_WARN_64_TO_32_BIT_CONVERSION = YES;
				GCC_WARN_ABOUT_RETURN_TYPE = YES_ERROR;
				GCC_WARN_UNDECLARED_SELECTOR = YES;
				GCC_WARN_UNINITIALIZED_AUTOS = YES_AGGRESSIVE;
				GCC_WARN_UNUSED_FUNCTION = YES;
				GCC_WARN_UNUSED_VARIABLE = YES;
				IPHONEOS_DEPLOYMENT_TARGET = 12.0;
				MTL_ENABLE_DEBUG_INFO = INCLUDE_SOURCE;
				MTL_FAST_MATH = YES;
				ONLY_ACTIVE_ARCH = YES;
				SDKROOT = iphoneos;
				SWIFT_ACTIVE_COMPILATION_CONDITIONS = DEBUG;
				SWIFT_OPTIMIZATION_LEVEL = "-Onone";
			};
			name = Debug;
		};
		A8011EE722B3D7C100567A37 /* Release */ = {
			isa = XCBuildConfiguration;
			buildSettings = {
				ALWAYS_SEARCH_USER_PATHS = NO;
				CLANG_ANALYZER_LOCALIZABILITY_NONLOCALIZED = YES;
				CLANG_ANALYZER_NONNULL = YES;
				CLANG_ANALYZER_NUMBER_OBJECT_CONVERSION = YES_AGGRESSIVE;
				CLANG_CXX_LANGUAGE_STANDARD = "gnu++14";
				CLANG_CXX_LIBRARY = "libc++";
				CLANG_ENABLE_MODULES = YES;
				CLANG_ENABLE_OBJC_ARC = YES;
				CLANG_ENABLE_OBJC_WEAK = YES;
				CLANG_WARN_BLOCK_CAPTURE_AUTORELEASING = YES;
				CLANG_WARN_BOOL_CONVERSION = YES;
				CLANG_WARN_COMMA = YES;
				CLANG_WARN_CONSTANT_CONVERSION = YES;
				CLANG_WARN_DEPRECATED_OBJC_IMPLEMENTATIONS = YES;
				CLANG_WARN_DIRECT_OBJC_ISA_USAGE = YES_ERROR;
				CLANG_WARN_DOCUMENTATION_COMMENTS = YES;
				CLANG_WARN_EMPTY_BODY = YES;
				CLANG_WARN_ENUM_CONVERSION = YES;
				CLANG_WARN_INFINITE_RECURSION = YES;
				CLANG_WARN_INT_CONVERSION = YES;
				CLANG_WARN_NON_LITERAL_NULL_CONVERSION = YES;
				CLANG_WARN_OBJC_IMPLICIT_RETAIN_SELF = YES;
				CLANG_WARN_OBJC_LITERAL_CONVERSION = YES;
				CLANG_WARN_OBJC_ROOT_CLASS = YES_ERROR;
				CLANG_WARN_RANGE_LOOP_ANALYSIS = YES;
				CLANG_WARN_STRICT_PROTOTYPES = YES;
				CLANG_WARN_SUSPICIOUS_MOVE = YES;
				CLANG_WARN_UNGUARDED_AVAILABILITY = YES_AGGRESSIVE;
				CLANG_WARN_UNREACHABLE_CODE = YES;
				CLANG_WARN__DUPLICATE_METHOD_MATCH = YES;
				CODE_SIGN_IDENTITY = "iPhone Developer";
				COPY_PHASE_STRIP = NO;
				DEBUG_INFORMATION_FORMAT = "dwarf-with-dsym";
				ENABLE_NS_ASSERTIONS = NO;
				ENABLE_STRICT_OBJC_MSGSEND = YES;
				GCC_C_LANGUAGE_STANDARD = gnu11;
				GCC_NO_COMMON_BLOCKS = YES;
				GCC_WARN_64_TO_32_BIT_CONVERSION = YES;
				GCC_WARN_ABOUT_RETURN_TYPE = YES_ERROR;
				GCC_WARN_UNDECLARED_SELECTOR = YES;
				GCC_WARN_UNINITIALIZED_AUTOS = YES_AGGRESSIVE;
				GCC_WARN_UNUSED_FUNCTION = YES;
				GCC_WARN_UNUSED_VARIABLE = YES;
				IPHONEOS_DEPLOYMENT_TARGET = 12.0;
				MTL_ENABLE_DEBUG_INFO = NO;
				MTL_FAST_MATH = YES;
				SDKROOT = iphoneos;
				SWIFT_COMPILATION_MODE = wholemodule;
				SWIFT_OPTIMIZATION_LEVEL = "-O";
				VALIDATE_PRODUCT = YES;
			};
			name = Release;
		};
		A8011EE922B3D7C100567A37 /* Debug */ = {
			isa = XCBuildConfiguration;
			baseConfigurationReference = C4E942E396A03AE669B83590 /* Pods-SibGUTimetable.debug.xcconfig */;
			buildSettings = {
				ASSETCATALOG_COMPILER_APPICON_NAME = AppIcon;
				CODE_SIGN_STYLE = Automatic;
				DEVELOPMENT_ASSET_PATHS = "";
				DEVELOPMENT_TEAM = YG4U6S73S9;
				INFOPLIST_FILE = SibGUTimetable/Resources/Info.plist;
				IPHONEOS_DEPLOYMENT_TARGET = 12.0;
				LD_RUNPATH_SEARCH_PATHS = (
					"$(inherited)",
					"@executable_path/Frameworks",
				);
				OTHER_SWIFT_FLAGS = "$(inherited) -D COCOAPODS -D TESTDEF";
				PRODUCT_BUNDLE_IDENTIFIER = a.kamyshev.SibGUTimetable;
				PRODUCT_NAME = "$(TARGET_NAME)";
				"SWIFT_ACTIVE_COMPILATION_CONDITIONS[arch=*]" = DEBUG;
				SWIFT_VERSION = 5.0;
				TARGETED_DEVICE_FAMILY = "1,2";
			};
			name = Debug;
		};
		A8011EEA22B3D7C100567A37 /* Release */ = {
			isa = XCBuildConfiguration;
			baseConfigurationReference = E5BC7D6F075E095023E1F1F4 /* Pods-SibGUTimetable.release.xcconfig */;
			buildSettings = {
				ASSETCATALOG_COMPILER_APPICON_NAME = AppIcon;
				CODE_SIGN_STYLE = Automatic;
				DEVELOPMENT_ASSET_PATHS = "";
				DEVELOPMENT_TEAM = YG4U6S73S9;
				INFOPLIST_FILE = SibGUTimetable/Resources/Info.plist;
				IPHONEOS_DEPLOYMENT_TARGET = 12.0;
				LD_RUNPATH_SEARCH_PATHS = (
					"$(inherited)",
					"@executable_path/Frameworks",
				);
				OTHER_SWIFT_FLAGS = "$(inherited) -D COCOAPODS -D TESTDEF";
				PRODUCT_BUNDLE_IDENTIFIER = a.kamyshev.SibGUTimetable;
				PRODUCT_NAME = "$(TARGET_NAME)";
				SWIFT_VERSION = 5.0;
				TARGETED_DEVICE_FAMILY = "1,2";
			};
			name = Release;
		};
		A8011EEC22B3D7C100567A37 /* Debug */ = {
			isa = XCBuildConfiguration;
			baseConfigurationReference = E767CB62819BE6611B282C88 /* Pods-SibGUTimetableTests.debug.xcconfig */;
			buildSettings = {
				ALWAYS_EMBED_SWIFT_STANDARD_LIBRARIES = YES;
				BUNDLE_LOADER = "$(TEST_HOST)";
				CODE_SIGN_STYLE = Automatic;
				DEVELOPMENT_TEAM = YG4U6S73S9;
				INFOPLIST_FILE = SibGUTimetableTests/Info.plist;
				LD_RUNPATH_SEARCH_PATHS = (
					"$(inherited)",
					"@executable_path/Frameworks",
					"@loader_path/Frameworks",
				);
				PRODUCT_BUNDLE_IDENTIFIER = sanya.SibGUTimetableTests;
				PRODUCT_NAME = "$(TARGET_NAME)";
				SWIFT_VERSION = 5.0;
				TARGETED_DEVICE_FAMILY = "1,2";
				TEST_HOST = "$(BUILT_PRODUCTS_DIR)/SibGUTimetable.app/SibGUTimetable";
			};
			name = Debug;
		};
		A8011EED22B3D7C100567A37 /* Release */ = {
			isa = XCBuildConfiguration;
			baseConfigurationReference = DF20B978A749E4F7EB205060 /* Pods-SibGUTimetableTests.release.xcconfig */;
			buildSettings = {
				ALWAYS_EMBED_SWIFT_STANDARD_LIBRARIES = YES;
				BUNDLE_LOADER = "$(TEST_HOST)";
				CODE_SIGN_STYLE = Automatic;
				DEVELOPMENT_TEAM = YG4U6S73S9;
				INFOPLIST_FILE = SibGUTimetableTests/Info.plist;
				LD_RUNPATH_SEARCH_PATHS = (
					"$(inherited)",
					"@executable_path/Frameworks",
					"@loader_path/Frameworks",
				);
				PRODUCT_BUNDLE_IDENTIFIER = sanya.SibGUTimetableTests;
				PRODUCT_NAME = "$(TARGET_NAME)";
				SWIFT_VERSION = 5.0;
				TARGETED_DEVICE_FAMILY = "1,2";
				TEST_HOST = "$(BUILT_PRODUCTS_DIR)/SibGUTimetable.app/SibGUTimetable";
			};
			name = Release;
		};
		A8011EEF22B3D7C100567A37 /* Debug */ = {
			isa = XCBuildConfiguration;
			baseConfigurationReference = F7F86C01122598779E503086 /* Pods-SibGUTimetableUITests.debug.xcconfig */;
			buildSettings = {
				ALWAYS_EMBED_SWIFT_STANDARD_LIBRARIES = YES;
				CODE_SIGN_STYLE = Automatic;
				DEVELOPMENT_TEAM = YG4U6S73S9;
				INFOPLIST_FILE = SibGUTimetableUITests/Info.plist;
				LD_RUNPATH_SEARCH_PATHS = (
					"$(inherited)",
					"@executable_path/Frameworks",
					"@loader_path/Frameworks",
				);
				PRODUCT_BUNDLE_IDENTIFIER = sanya.SibGUTimetableUITests;
				PRODUCT_NAME = "$(TARGET_NAME)";
				SWIFT_VERSION = 5.0;
				TARGETED_DEVICE_FAMILY = "1,2";
				TEST_TARGET_NAME = SibGUTimetable;
			};
			name = Debug;
		};
		A8011EF022B3D7C100567A37 /* Release */ = {
			isa = XCBuildConfiguration;
			baseConfigurationReference = D09BD375C1F9D8578E9F09CA /* Pods-SibGUTimetableUITests.release.xcconfig */;
			buildSettings = {
				ALWAYS_EMBED_SWIFT_STANDARD_LIBRARIES = YES;
				CODE_SIGN_STYLE = Automatic;
				DEVELOPMENT_TEAM = YG4U6S73S9;
				INFOPLIST_FILE = SibGUTimetableUITests/Info.plist;
				LD_RUNPATH_SEARCH_PATHS = (
					"$(inherited)",
					"@executable_path/Frameworks",
					"@loader_path/Frameworks",
				);
				PRODUCT_BUNDLE_IDENTIFIER = sanya.SibGUTimetableUITests;
				PRODUCT_NAME = "$(TARGET_NAME)";
				SWIFT_VERSION = 5.0;
				TARGETED_DEVICE_FAMILY = "1,2";
				TEST_TARGET_NAME = SibGUTimetable;
			};
			name = Release;
		};
/* End XCBuildConfiguration section */

/* Begin XCConfigurationList section */
		11BFD49523E9BEFA00BE6B6B /* Build configuration list for PBXNativeTarget "UserPreferencesTests" */ = {
			isa = XCConfigurationList;
			buildConfigurations = (
				11BFD49623E9BEFA00BE6B6B /* Debug */,
				11BFD49723E9BEFA00BE6B6B /* Release */,
			);
			defaultConfigurationIsVisible = 0;
			defaultConfigurationName = Release;
		};
		A8011EB822B3D7C000567A37 /* Build configuration list for PBXProject "SibGUTimetable" */ = {
			isa = XCConfigurationList;
			buildConfigurations = (
				A8011EE622B3D7C100567A37 /* Debug */,
				A8011EE722B3D7C100567A37 /* Release */,
			);
			defaultConfigurationIsVisible = 0;
			defaultConfigurationName = Release;
		};
		A8011EE822B3D7C100567A37 /* Build configuration list for PBXNativeTarget "SibGUTimetable" */ = {
			isa = XCConfigurationList;
			buildConfigurations = (
				A8011EE922B3D7C100567A37 /* Debug */,
				A8011EEA22B3D7C100567A37 /* Release */,
			);
			defaultConfigurationIsVisible = 0;
			defaultConfigurationName = Release;
		};
		A8011EEB22B3D7C100567A37 /* Build configuration list for PBXNativeTarget "SibGUTimetableTests" */ = {
			isa = XCConfigurationList;
			buildConfigurations = (
				A8011EEC22B3D7C100567A37 /* Debug */,
				A8011EED22B3D7C100567A37 /* Release */,
			);
			defaultConfigurationIsVisible = 0;
			defaultConfigurationName = Release;
		};
		A8011EEE22B3D7C100567A37 /* Build configuration list for PBXNativeTarget "SibGUTimetableUITests" */ = {
			isa = XCConfigurationList;
			buildConfigurations = (
				A8011EEF22B3D7C100567A37 /* Debug */,
				A8011EF022B3D7C100567A37 /* Release */,
			);
			defaultConfigurationIsVisible = 0;
			defaultConfigurationName = Release;
		};
/* End XCConfigurationList section */

/* Begin XCRemoteSwiftPackageReference section */
		1177059D248E769900483E0A /* XCRemoteSwiftPackageReference "swift-log" */ = {
			isa = XCRemoteSwiftPackageReference;
			repositoryURL = "https://github.com/apple/swift-log/";
			requirement = {
				kind = upToNextMajorVersion;
				minimumVersion = 1.2.0;
			};
		};
/* End XCRemoteSwiftPackageReference section */

/* Begin XCSwiftPackageProductDependency section */
		1177059E248E769900483E0A /* Logging */ = {
			isa = XCSwiftPackageProductDependency;
			package = 1177059D248E769900483E0A /* XCRemoteSwiftPackageReference "swift-log" */;
			productName = Logging;
		};
/* End XCSwiftPackageProductDependency section */

/* Begin XCVersionGroup section */
		A8011EC722B3D7C000567A37 /* SibGUTimetable.xcdatamodeld */ = {
			isa = XCVersionGroup;
			children = (
				A8011EC822B3D7C000567A37 /* SibGUTimetable.xcdatamodel */,
			);
			currentVersion = A8011EC822B3D7C000567A37 /* SibGUTimetable.xcdatamodel */;
			path = SibGUTimetable.xcdatamodeld;
			sourceTree = "<group>";
			versionGroupType = wrapper.xcdatamodel;
		};
/* End XCVersionGroup section */
	};
	rootObject = A8011EB522B3D7C000567A37 /* Project object */;
}
